/home/andrea/JSHOP2/jshop2-console/JSHOP2.jar:/home/andrea/JSHOP2/jshop2-console/antlr.jar:.

1 plan(s) were found:

Plan #1:
Plan cost: 174.0

(!recoger drone1 brazo1 crate1 depot)
(!recoger drone1 brazo2 crate2 depot)
(!vuelo drone1 depot loc26)
(!entregar drone1 brazo1 crate1 person2 loc26 food)
(!vuelo drone1 loc26 loc19)
(!entregar drone1 brazo2 crate2 person3 loc19 food)
(!vuelo drone1 loc19 depot)
(!recoger drone1 brazo1 crate3 depot)
(!recoger drone1 brazo2 crate4 depot)
(!vuelo drone1 depot loc27)
(!entregar drone1 brazo1 crate3 person4 loc27 food)
(!vuelo drone1 loc27 loc2)
(!entregar drone1 brazo2 crate4 person5 loc2 food)
(!vuelo drone1 loc2 depot)
(!recoger drone1 brazo1 crate5 depot)
(!recoger drone1 brazo2 crate6 depot)
(!vuelo drone1 depot loc20)
(!entregar drone1 brazo1 crate5 person6 loc20 food)
(!vuelo drone1 loc20 loc21)
(!entregar drone1 brazo2 crate6 person8 loc21 food)
(!vuelo drone1 loc21 depot)
(!recoger drone1 brazo1 crate7 depot)
(!recoger drone1 brazo2 crate8 depot)
(!vuelo drone1 depot loc45)
(!entregar drone1 brazo1 crate7 person9 loc45 food)
(!vuelo drone1 loc45 loc17)
(!entregar drone1 brazo2 crate8 person10 loc17 food)
(!vuelo drone1 loc17 depot)
(!recoger drone1 brazo1 crate9 depot)
(!recoger drone1 brazo2 crate10 depot)
(!vuelo drone1 depot loc26)
(!entregar drone1 brazo1 crate9 person11 loc26 food)
(!vuelo drone1 loc26 loc34)
(!entregar drone1 brazo2 crate10 person13 loc34 food)
(!vuelo drone1 loc34 depot)
(!recoger drone1 brazo1 crate11 depot)
(!recoger drone1 brazo2 crate12 depot)
(!vuelo drone1 depot loc36)
(!entregar drone1 brazo1 crate11 person14 loc36 food)
(!vuelo drone1 loc36 loc11)
(!entregar drone1 brazo2 crate12 person16 loc11 food)
(!vuelo drone1 loc11 depot)
(!recoger drone1 brazo1 crate13 depot)
(!recoger drone1 brazo2 crate14 depot)
(!vuelo drone1 depot loc42)
(!entregar drone1 brazo1 crate13 person17 loc42 food)
(!vuelo drone1 loc42 loc5)
(!entregar drone1 brazo2 crate14 person18 loc5 food)
(!vuelo drone1 loc5 depot)
(!recoger drone1 brazo1 crate15 depot)
(!recoger drone1 brazo2 crate16 depot)
(!vuelo drone1 depot loc39)
(!entregar drone1 brazo1 crate15 person19 loc39 food)
(!vuelo drone1 loc39 loc19)
(!entregar drone1 brazo2 crate16 person20 loc19 food)
(!vuelo drone1 loc19 depot)
(!recoger drone1 brazo1 crate17 depot)
(!recoger drone1 brazo2 crate18 depot)
(!vuelo drone1 depot loc37)
(!entregar drone1 brazo1 crate17 person22 loc37 food)
(!vuelo drone1 loc37 loc14)
(!entregar drone1 brazo2 crate18 person24 loc14 food)
(!vuelo drone1 loc14 depot)
(!recoger drone1 brazo1 crate19 depot)
(!recoger drone1 brazo2 crate20 depot)
(!vuelo drone1 depot loc12)
(!entregar drone1 brazo1 crate19 person25 loc12 food)
(!vuelo drone1 loc12 loc8)
(!entregar drone1 brazo2 crate20 person26 loc8 food)
(!vuelo drone1 loc8 depot)
(!recoger drone1 brazo1 crate21 depot)
(!recoger drone1 brazo2 crate22 depot)
(!vuelo drone1 depot loc19)
(!entregar drone1 brazo1 crate21 person27 loc19 food)
(!vuelo drone1 loc19 loc42)
(!entregar drone1 brazo2 crate22 person28 loc42 food)
(!vuelo drone1 loc42 depot)
(!recoger drone1 brazo1 crate23 depot)
(!recoger drone1 brazo2 crate24 depot)
(!vuelo drone1 depot loc3)
(!entregar drone1 brazo1 crate23 person29 loc3 food)
(!vuelo drone1 loc3 loc20)
(!entregar drone1 brazo2 crate24 person32 loc20 food)
(!vuelo drone1 loc20 depot)
(!recoger drone1 brazo1 crate25 depot)
(!recoger drone1 brazo2 crate26 depot)
(!vuelo drone1 depot loc38)
(!entregar drone1 brazo1 crate25 person33 loc38 food)
(!vuelo drone1 loc38 loc24)
(!entregar drone1 brazo2 crate26 person34 loc24 food)
(!vuelo drone1 loc24 depot)
(!recoger drone1 brazo1 crate27 depot)
(!recoger drone1 brazo2 crate28 depot)
(!vuelo drone1 depot loc45)
(!entregar drone1 brazo1 crate27 person35 loc45 food)
(!vuelo drone1 loc45 loc6)
(!entregar drone1 brazo2 crate28 person36 loc6 food)
(!vuelo drone1 loc6 depot)
(!recoger drone1 brazo1 crate29 depot)
(!recoger drone1 brazo2 crate30 depot)
(!vuelo drone1 depot loc19)
(!entregar drone1 brazo1 crate29 person41 loc19 food)
(!vuelo drone1 loc19 loc5)
(!entregar drone1 brazo2 crate30 person42 loc5 food)
(!vuelo drone1 loc5 depot)
(!recoger drone1 brazo1 crate31 depot)
(!recoger drone1 brazo2 crate32 depot)
(!vuelo drone1 depot loc23)
(!entregar drone1 brazo1 crate31 person43 loc23 food)
(!vuelo drone1 loc23 loc40)
(!entregar drone1 brazo2 crate32 person45 loc40 food)
(!vuelo drone1 loc40 depot)
(!recoger drone1 brazo1 crate33 depot)
(!recoger drone1 brazo2 crate34 depot)
(!vuelo drone1 depot loc30)
(!entregar drone1 brazo1 crate33 person46 loc30 food)
(!vuelo drone1 loc30 loc2)
(!entregar drone1 brazo2 crate34 person47 loc2 food)
(!vuelo drone1 loc2 depot)
(!recoger drone1 brazo1 crate35 depot)
(!recoger drone1 brazo2 crate36 depot)
(!vuelo drone1 depot loc45)
(!entregar drone1 brazo1 crate35 person48 loc45 food)
(!vuelo drone1 loc45 loc44)
(!entregar drone1 brazo2 crate36 person49 loc44 food)
(!vuelo drone1 loc44 depot)
(!recoger drone1 brazo1 crate37 depot)
(!recoger drone1 brazo2 crate38 depot)
(!vuelo drone1 depot loc26)
(!entregar drone1 brazo1 crate37 person2 loc26 medicine)
(!vuelo drone1 loc26 loc27)
(!entregar drone1 brazo2 crate38 person4 loc27 medicine)
(!vuelo drone1 loc27 depot)
(!recoger drone1 brazo1 crate39 depot)
(!recoger drone1 brazo2 crate40 depot)
(!vuelo drone1 depot loc2)
(!entregar drone1 brazo1 crate39 person5 loc2 medicine)
(!vuelo drone1 loc2 loc21)
(!entregar drone1 brazo2 crate40 person8 loc21 medicine)
(!vuelo drone1 loc21 depot)
(!recoger drone1 brazo1 crate41 depot)
(!recoger drone1 brazo2 crate42 depot)
(!vuelo drone1 depot loc19)
(!entregar drone1 brazo1 crate41 person12 loc19 medicine)
(!vuelo drone1 loc19 loc34)
(!entregar drone1 brazo2 crate42 person13 loc34 medicine)
(!vuelo drone1 loc34 depot)
(!recoger drone1 brazo1 crate43 depot)
(!recoger drone1 brazo2 crate44 depot)
(!vuelo drone1 depot loc36)
(!entregar drone1 brazo1 crate43 person14 loc36 medicine)
(!vuelo drone1 loc36 loc19)
(!entregar drone1 brazo2 crate44 person20 loc19 medicine)
(!vuelo drone1 loc19 depot)
(!recoger drone1 brazo1 crate45 depot)
(!recoger drone1 brazo2 crate46 depot)
(!vuelo drone1 depot loc15)
(!entregar drone1 brazo1 crate45 person21 loc15 medicine)
(!vuelo drone1 loc15 loc14)
(!entregar drone1 brazo2 crate46 person24 loc14 medicine)
(!vuelo drone1 loc14 depot)
(!recoger drone1 brazo1 crate47 depot)
(!recoger drone1 brazo2 crate48 depot)
(!vuelo drone1 depot loc20)
(!entregar drone1 brazo1 crate47 person32 loc20 medicine)
(!vuelo drone1 loc20 loc6)
(!entregar drone1 brazo2 crate48 person36 loc6 medicine)
(!vuelo drone1 loc6 depot)
(!recoger drone1 brazo1 crate49 depot)
(!recoger drone1 brazo2 crate50 depot)
(!vuelo drone1 depot loc19)
(!entregar drone1 brazo1 crate49 person38 loc19 medicine)
(!vuelo drone1 loc19 loc23)
(!entregar drone1 brazo2 crate50 person43 loc23 medicine)
--------------------

Time Used = 0.031

