/home/andrea/JSHOP2/jshop2-console/JSHOP2.jar:/home/andrea/JSHOP2/jshop2-console/antlr.jar:.

1 plan(s) were found:

Plan #1:
Plan cost: 348.0

(!recoger drone1 brazo1 crate1 depot)
(!recoger drone1 brazo2 crate2 depot)
(!vuelo drone1 depot loc5)
(!entregar drone1 brazo1 crate1 person10 loc5 food)
(!vuelo drone1 loc5 loc41)
(!entregar drone1 brazo2 crate2 person20 loc41 food)
(!vuelo drone1 loc41 depot)
(!recoger drone1 brazo1 crate3 depot)
(!recoger drone1 brazo2 crate4 depot)
(!vuelo drone1 depot loc29)
(!entregar drone1 brazo1 crate3 person45 loc29 food)
(!vuelo drone1 loc29 loc81)
(!entregar drone1 brazo2 crate4 person49 loc81 food)
(!vuelo drone1 loc81 depot)
(!recoger drone1 brazo1 crate5 depot)
(!recoger drone1 brazo2 crate6 depot)
(!vuelo drone1 depot loc87)
(!entregar drone1 brazo1 crate5 person68 loc87 food)
(!vuelo drone1 loc87 loc36)
(!entregar drone1 brazo2 crate6 person78 loc36 food)
(!vuelo drone1 loc36 depot)
(!recoger drone1 brazo1 crate7 depot)
(!recoger drone1 brazo2 crate8 depot)
(!vuelo drone1 depot loc70)
(!entregar drone1 brazo1 crate7 person82 loc70 food)
(!vuelo drone1 loc70 loc87)
(!entregar drone1 brazo2 crate8 person91 loc87 food)
(!vuelo drone1 loc87 depot)
(!recoger drone1 brazo1 crate9 depot)
(!recoger drone1 brazo2 crate10 depot)
(!vuelo drone1 depot loc9)
(!entregar drone1 brazo1 crate9 person1 loc9 medicine)
(!vuelo drone1 loc9 loc73)
(!entregar drone1 brazo2 crate10 person2 loc73 medicine)
(!vuelo drone1 loc73 depot)
(!recoger drone1 brazo1 crate11 depot)
(!recoger drone1 brazo2 crate12 depot)
(!vuelo drone1 depot loc83)
(!entregar drone1 brazo1 crate11 person3 loc83 medicine)
(!vuelo drone1 loc83 loc78)
(!entregar drone1 brazo2 crate12 person4 loc78 medicine)
(!vuelo drone1 loc78 depot)
(!recoger drone1 brazo1 crate13 depot)
(!recoger drone1 brazo2 crate14 depot)
(!vuelo drone1 depot loc13)
(!entregar drone1 brazo1 crate13 person5 loc13 medicine)
(!vuelo drone1 loc13 loc85)
(!entregar drone1 brazo2 crate14 person6 loc85 medicine)
(!vuelo drone1 loc85 depot)
(!recoger drone1 brazo1 crate15 depot)
(!recoger drone1 brazo2 crate16 depot)
(!vuelo drone1 depot loc83)
(!entregar drone1 brazo1 crate15 person7 loc83 medicine)
(!vuelo drone1 loc83 loc17)
(!entregar drone1 brazo2 crate16 person8 loc17 medicine)
(!vuelo drone1 loc17 depot)
(!recoger drone1 brazo1 crate17 depot)
(!recoger drone1 brazo2 crate18 depot)
(!vuelo drone1 depot loc16)
(!entregar drone1 brazo1 crate17 person9 loc16 medicine)
(!vuelo drone1 loc16 loc5)
(!entregar drone1 brazo2 crate18 person10 loc5 medicine)
(!vuelo drone1 loc5 depot)
(!recoger drone1 brazo1 crate19 depot)
(!recoger drone1 brazo2 crate20 depot)
(!vuelo drone1 depot loc1)
(!entregar drone1 brazo1 crate19 person12 loc1 medicine)
(!vuelo drone1 loc1 loc42)
(!entregar drone1 brazo2 crate20 person13 loc42 medicine)
(!vuelo drone1 loc42 depot)
(!recoger drone1 brazo1 crate21 depot)
(!recoger drone1 brazo2 crate22 depot)
(!vuelo drone1 depot loc56)
(!entregar drone1 brazo1 crate21 person14 loc56 medicine)
(!vuelo drone1 loc56 loc51)
(!entregar drone1 brazo2 crate22 person17 loc51 medicine)
(!vuelo drone1 loc51 depot)
(!recoger drone1 brazo1 crate23 depot)
(!recoger drone1 brazo2 crate24 depot)
(!vuelo drone1 depot loc81)
(!entregar drone1 brazo1 crate23 person18 loc81 medicine)
(!vuelo drone1 loc81 loc54)
(!entregar drone1 brazo2 crate24 person19 loc54 medicine)
(!vuelo drone1 loc54 depot)
(!recoger drone1 brazo1 crate25 depot)
(!recoger drone1 brazo2 crate26 depot)
(!vuelo drone1 depot loc41)
(!entregar drone1 brazo1 crate25 person20 loc41 medicine)
(!vuelo drone1 loc41 loc49)
(!entregar drone1 brazo2 crate26 person21 loc49 medicine)
(!vuelo drone1 loc49 depot)
(!recoger drone1 brazo1 crate27 depot)
(!recoger drone1 brazo2 crate28 depot)
(!vuelo drone1 depot loc3)
(!entregar drone1 brazo1 crate27 person22 loc3 medicine)
(!vuelo drone1 loc3 loc19)
(!entregar drone1 brazo2 crate28 person24 loc19 medicine)
(!vuelo drone1 loc19 depot)
(!recoger drone1 brazo1 crate29 depot)
(!recoger drone1 brazo2 crate30 depot)
(!vuelo drone1 depot loc70)
(!entregar drone1 brazo1 crate29 person25 loc70 medicine)
(!vuelo drone1 loc70 loc69)
(!entregar drone1 brazo2 crate30 person26 loc69 medicine)
(!vuelo drone1 loc69 depot)
(!recoger drone1 brazo1 crate31 depot)
(!recoger drone1 brazo2 crate32 depot)
(!vuelo drone1 depot loc39)
(!entregar drone1 brazo1 crate31 person27 loc39 medicine)
(!vuelo drone1 loc39 loc21)
(!entregar drone1 brazo2 crate32 person28 loc21 medicine)
(!vuelo drone1 loc21 depot)
(!recoger drone1 brazo1 crate33 depot)
(!recoger drone1 brazo2 crate34 depot)
(!vuelo drone1 depot loc33)
(!entregar drone1 brazo1 crate33 person29 loc33 medicine)
(!vuelo drone1 loc33 loc91)
(!entregar drone1 brazo2 crate34 person31 loc91 medicine)
(!vuelo drone1 loc91 depot)
(!recoger drone1 brazo1 crate35 depot)
(!recoger drone1 brazo2 crate36 depot)
(!vuelo drone1 depot loc49)
(!entregar drone1 brazo1 crate35 person32 loc49 medicine)
(!vuelo drone1 loc49 loc55)
(!entregar drone1 brazo2 crate36 person33 loc55 medicine)
(!vuelo drone1 loc55 depot)
(!recoger drone1 brazo1 crate37 depot)
(!recoger drone1 brazo2 crate38 depot)
(!vuelo drone1 depot loc61)
(!entregar drone1 brazo1 crate37 person34 loc61 medicine)
(!vuelo drone1 loc61 loc65)
(!entregar drone1 brazo2 crate38 person35 loc65 medicine)
(!vuelo drone1 loc65 depot)
(!recoger drone1 brazo1 crate39 depot)
(!recoger drone1 brazo2 crate40 depot)
(!vuelo drone1 depot loc36)
(!entregar drone1 brazo1 crate39 person36 loc36 medicine)
(!vuelo drone1 loc36 loc12)
(!entregar drone1 brazo2 crate40 person37 loc12 medicine)
(!vuelo drone1 loc12 depot)
(!recoger drone1 brazo1 crate41 depot)
(!recoger drone1 brazo2 crate42 depot)
(!vuelo drone1 depot loc11)
(!entregar drone1 brazo1 crate41 person38 loc11 medicine)
(!vuelo drone1 loc11 loc88)
(!entregar drone1 brazo2 crate42 person39 loc88 medicine)
(!vuelo drone1 loc88 depot)
(!recoger drone1 brazo1 crate43 depot)
(!recoger drone1 brazo2 crate44 depot)
(!vuelo drone1 depot loc54)
(!entregar drone1 brazo1 crate43 person40 loc54 medicine)
(!vuelo drone1 loc54 loc27)
(!entregar drone1 brazo2 crate44 person41 loc27 medicine)
(!vuelo drone1 loc27 depot)
(!recoger drone1 brazo1 crate45 depot)
(!recoger drone1 brazo2 crate46 depot)
(!vuelo drone1 depot loc82)
(!entregar drone1 brazo1 crate45 person42 loc82 medicine)
(!vuelo drone1 loc82 loc18)
(!entregar drone1 brazo2 crate46 person43 loc18 medicine)
(!vuelo drone1 loc18 depot)
(!recoger drone1 brazo1 crate47 depot)
(!recoger drone1 brazo2 crate48 depot)
(!vuelo drone1 depot loc22)
(!entregar drone1 brazo1 crate47 person44 loc22 medicine)
(!vuelo drone1 loc22 loc29)
(!entregar drone1 brazo2 crate48 person45 loc29 medicine)
(!vuelo drone1 loc29 depot)
(!recoger drone1 brazo1 crate49 depot)
(!recoger drone1 brazo2 crate50 depot)
(!vuelo drone1 depot loc18)
(!entregar drone1 brazo1 crate49 person46 loc18 medicine)
(!vuelo drone1 loc18 loc89)
(!entregar drone1 brazo2 crate50 person47 loc89 medicine)
(!vuelo drone1 loc89 depot)
(!recoger drone1 brazo1 crate51 depot)
(!recoger drone1 brazo2 crate52 depot)
(!vuelo drone1 depot loc26)
(!entregar drone1 brazo1 crate51 person48 loc26 medicine)
(!vuelo drone1 loc26 loc81)
(!entregar drone1 brazo2 crate52 person49 loc81 medicine)
(!vuelo drone1 loc81 depot)
(!recoger drone1 brazo1 crate53 depot)
(!recoger drone1 brazo2 crate54 depot)
(!vuelo drone1 depot loc83)
(!entregar drone1 brazo1 crate53 person50 loc83 medicine)
(!vuelo drone1 loc83 loc37)
(!entregar drone1 brazo2 crate54 person51 loc37 medicine)
(!vuelo drone1 loc37 depot)
(!recoger drone1 brazo1 crate55 depot)
(!recoger drone1 brazo2 crate56 depot)
(!vuelo drone1 depot loc40)
(!entregar drone1 brazo1 crate55 person52 loc40 medicine)
(!vuelo drone1 loc40 loc84)
(!entregar drone1 brazo2 crate56 person54 loc84 medicine)
(!vuelo drone1 loc84 depot)
(!recoger drone1 brazo1 crate57 depot)
(!recoger drone1 brazo2 crate58 depot)
(!vuelo drone1 depot loc94)
(!entregar drone1 brazo1 crate57 person55 loc94 medicine)
(!vuelo drone1 loc94 loc2)
(!entregar drone1 brazo2 crate58 person56 loc2 medicine)
(!vuelo drone1 loc2 depot)
(!recoger drone1 brazo1 crate59 depot)
(!recoger drone1 brazo2 crate60 depot)
(!vuelo drone1 depot loc64)
(!entregar drone1 brazo1 crate59 person57 loc64 medicine)
(!vuelo drone1 loc64 loc38)
(!entregar drone1 brazo2 crate60 person58 loc38 medicine)
(!vuelo drone1 loc38 depot)
(!recoger drone1 brazo1 crate61 depot)
(!recoger drone1 brazo2 crate62 depot)
(!vuelo drone1 depot loc20)
(!entregar drone1 brazo1 crate61 person59 loc20 medicine)
(!vuelo drone1 loc20 loc24)
(!entregar drone1 brazo2 crate62 person60 loc24 medicine)
(!vuelo drone1 loc24 depot)
(!recoger drone1 brazo1 crate63 depot)
(!recoger drone1 brazo2 crate64 depot)
(!vuelo drone1 depot loc16)
(!entregar drone1 brazo1 crate63 person61 loc16 medicine)
(!vuelo drone1 loc16 loc37)
(!entregar drone1 brazo2 crate64 person62 loc37 medicine)
(!vuelo drone1 loc37 depot)
(!recoger drone1 brazo1 crate65 depot)
(!recoger drone1 brazo2 crate66 depot)
(!vuelo drone1 depot loc22)
(!entregar drone1 brazo1 crate65 person63 loc22 medicine)
(!vuelo drone1 loc22 loc84)
(!entregar drone1 brazo2 crate66 person64 loc84 medicine)
(!vuelo drone1 loc84 depot)
(!recoger drone1 brazo1 crate67 depot)
(!recoger drone1 brazo2 crate68 depot)
(!vuelo drone1 depot loc98)
(!entregar drone1 brazo1 crate67 person65 loc98 medicine)
(!vuelo drone1 loc98 loc5)
(!entregar drone1 brazo2 crate68 person66 loc5 medicine)
(!vuelo drone1 loc5 depot)
(!recoger drone1 brazo1 crate69 depot)
(!recoger drone1 brazo2 crate70 depot)
(!vuelo drone1 depot loc87)
(!entregar drone1 brazo1 crate69 person68 loc87 medicine)
(!vuelo drone1 loc87 loc5)
(!entregar drone1 brazo2 crate70 person69 loc5 medicine)
(!vuelo drone1 loc5 depot)
(!recoger drone1 brazo1 crate71 depot)
(!recoger drone1 brazo2 crate72 depot)
(!vuelo drone1 depot loc20)
(!entregar drone1 brazo1 crate71 person70 loc20 medicine)
(!entregar drone1 brazo2 crate72 person71 loc20 medicine)
(!vuelo drone1 loc20 depot)
(!recoger drone1 brazo1 crate73 depot)
(!recoger drone1 brazo2 crate74 depot)
(!vuelo drone1 depot loc17)
(!entregar drone1 brazo1 crate73 person72 loc17 medicine)
(!vuelo drone1 loc17 loc16)
(!entregar drone1 brazo2 crate74 person73 loc16 medicine)
(!vuelo drone1 loc16 depot)
(!recoger drone1 brazo1 crate75 depot)
(!recoger drone1 brazo2 crate76 depot)
(!vuelo drone1 depot loc27)
(!entregar drone1 brazo1 crate75 person74 loc27 medicine)
(!vuelo drone1 loc27 loc1)
(!entregar drone1 brazo2 crate76 person76 loc1 medicine)
(!vuelo drone1 loc1 depot)
(!recoger drone1 brazo1 crate77 depot)
(!recoger drone1 brazo2 crate78 depot)
(!vuelo drone1 depot loc80)
(!entregar drone1 brazo1 crate77 person77 loc80 medicine)
(!vuelo drone1 loc80 loc36)
(!entregar drone1 brazo2 crate78 person78 loc36 medicine)
(!vuelo drone1 loc36 depot)
(!recoger drone1 brazo1 crate79 depot)
(!recoger drone1 brazo2 crate80 depot)
(!vuelo drone1 depot loc24)
(!entregar drone1 brazo1 crate79 person79 loc24 medicine)
(!vuelo drone1 loc24 loc46)
(!entregar drone1 brazo2 crate80 person80 loc46 medicine)
(!vuelo drone1 loc46 depot)
(!recoger drone1 brazo1 crate81 depot)
(!recoger drone1 brazo2 crate82 depot)
(!vuelo drone1 depot loc57)
(!entregar drone1 brazo1 crate81 person81 loc57 medicine)
(!vuelo drone1 loc57 loc70)
(!entregar drone1 brazo2 crate82 person82 loc70 medicine)
(!vuelo drone1 loc70 depot)
(!recoger drone1 brazo1 crate83 depot)
(!recoger drone1 brazo2 crate84 depot)
(!vuelo drone1 depot loc82)
(!entregar drone1 brazo1 crate83 person83 loc82 medicine)
(!vuelo drone1 loc82 loc13)
(!entregar drone1 brazo2 crate84 person84 loc13 medicine)
(!vuelo drone1 loc13 depot)
(!recoger drone1 brazo1 crate85 depot)
(!recoger drone1 brazo2 crate86 depot)
(!vuelo drone1 depot loc36)
(!entregar drone1 brazo1 crate85 person85 loc36 medicine)
(!vuelo drone1 loc36 loc54)
(!entregar drone1 brazo2 crate86 person86 loc54 medicine)
(!vuelo drone1 loc54 depot)
(!recoger drone1 brazo1 crate87 depot)
(!recoger drone1 brazo2 crate88 depot)
(!vuelo drone1 depot loc65)
(!entregar drone1 brazo1 crate87 person87 loc65 medicine)
(!vuelo drone1 loc65 loc49)
(!entregar drone1 brazo2 crate88 person88 loc49 medicine)
(!vuelo drone1 loc49 depot)
(!recoger drone1 brazo1 crate89 depot)
(!recoger drone1 brazo2 crate90 depot)
(!vuelo drone1 depot loc2)
(!entregar drone1 brazo1 crate89 person89 loc2 medicine)
(!vuelo drone1 loc2 loc85)
(!entregar drone1 brazo2 crate90 person90 loc85 medicine)
(!vuelo drone1 loc85 depot)
(!recoger drone1 brazo1 crate91 depot)
(!recoger drone1 brazo2 crate92 depot)
(!vuelo drone1 depot loc87)
(!entregar drone1 brazo1 crate91 person91 loc87 medicine)
(!vuelo drone1 loc87 loc92)
(!entregar drone1 brazo2 crate92 person92 loc92 medicine)
(!vuelo drone1 loc92 depot)
(!recoger drone1 brazo1 crate93 depot)
(!recoger drone1 brazo2 crate94 depot)
(!vuelo drone1 depot loc76)
(!entregar drone1 brazo1 crate93 person93 loc76 medicine)
(!vuelo drone1 loc76 loc74)
(!entregar drone1 brazo2 crate94 person94 loc74 medicine)
(!vuelo drone1 loc74 depot)
(!recoger drone1 brazo1 crate95 depot)
(!recoger drone1 brazo2 crate96 depot)
(!vuelo drone1 depot loc59)
(!entregar drone1 brazo1 crate95 person95 loc59 medicine)
(!vuelo drone1 loc59 loc44)
(!entregar drone1 brazo2 crate96 person96 loc44 medicine)
(!vuelo drone1 loc44 depot)
(!recoger drone1 brazo1 crate97 depot)
(!recoger drone1 brazo2 crate98 depot)
(!vuelo drone1 depot loc55)
(!entregar drone1 brazo1 crate97 person97 loc55 medicine)
(!vuelo drone1 loc55 loc75)
(!entregar drone1 brazo2 crate98 person98 loc75 medicine)
(!vuelo drone1 loc75 depot)
(!recoger drone1 brazo1 crate99 depot)
(!recoger drone1 brazo2 crate100 depot)
(!vuelo drone1 depot loc48)
(!entregar drone1 brazo1 crate99 person99 loc48 medicine)
(!vuelo drone1 loc48 loc46)
(!entregar drone1 brazo2 crate100 person100 loc46 medicine)
--------------------

Time Used = 0.118

