/home/andrea/JSHOP2/jshop2-console/JSHOP2.jar:/home/andrea/JSHOP2/jshop2-console/antlr.jar:.

1 plan(s) were found:

Plan #1:
Plan cost: 69.0

(!recoger drone1 brazo1 crate1 depot)
(!recoger drone1 brazo2 crate2 depot)
(!vuelo drone1 depot loc12)
(!entregar drone1 brazo1 crate1 person1 loc12 food)
(!vuelo drone1 loc12 loc8)
(!entregar drone1 brazo2 crate2 person3 loc8 food)
(!vuelo drone1 loc8 depot)
(!recoger drone1 brazo1 crate3 depot)
(!recoger drone1 brazo2 crate4 depot)
(!vuelo drone1 depot loc18)
(!entregar drone1 brazo1 crate3 person4 loc18 food)
(!vuelo drone1 loc18 loc5)
(!entregar drone1 brazo2 crate4 person6 loc5 food)
(!vuelo drone1 loc5 depot)
(!recoger drone1 brazo1 crate5 depot)
(!recoger drone1 brazo2 crate6 depot)
(!vuelo drone1 depot loc13)
(!entregar drone1 brazo1 crate5 person8 loc13 food)
(!vuelo drone1 loc13 loc14)
(!entregar drone1 brazo2 crate6 person9 loc14 food)
(!vuelo drone1 loc14 depot)
(!recoger drone1 brazo1 crate7 depot)
(!recoger drone1 brazo2 crate8 depot)
(!vuelo drone1 depot loc14)
(!entregar drone1 brazo1 crate7 person10 loc14 food)
(!vuelo drone1 loc14 loc6)
(!entregar drone1 brazo2 crate8 person11 loc6 food)
(!vuelo drone1 loc6 depot)
(!recoger drone1 brazo1 crate9 depot)
(!recoger drone1 brazo2 crate10 depot)
(!vuelo drone1 depot loc6)
(!entregar drone1 brazo1 crate9 person13 loc6 food)
(!vuelo drone1 loc6 loc5)
(!entregar drone1 brazo2 crate10 person16 loc5 food)
(!vuelo drone1 loc5 depot)
(!recoger drone1 brazo1 crate11 depot)
(!recoger drone1 brazo2 crate12 depot)
(!vuelo drone1 depot loc1)
(!entregar drone1 brazo1 crate11 person17 loc1 food)
(!vuelo drone1 loc1 loc5)
(!entregar drone1 brazo2 crate12 person18 loc5 food)
(!vuelo drone1 loc5 depot)
(!recoger drone1 brazo1 crate13 depot)
(!recoger drone1 brazo2 crate14 depot)
(!vuelo drone1 depot loc3)
(!entregar drone1 brazo1 crate13 person19 loc3 food)
(!vuelo drone1 loc3 loc19)
(!entregar drone1 brazo2 crate14 person20 loc19 food)
(!vuelo drone1 loc19 depot)
(!recoger drone1 brazo1 crate15 depot)
(!recoger drone1 brazo2 crate16 depot)
(!vuelo drone1 depot loc15)
(!entregar drone1 brazo1 crate15 person7 loc15 medicine)
(!vuelo drone1 loc15 loc16)
(!entregar drone1 brazo2 crate16 person12 loc16 medicine)
(!vuelo drone1 loc16 depot)
(!recoger drone1 brazo1 crate17 depot)
(!recoger drone1 brazo2 crate18 depot)
(!vuelo drone1 depot loc6)
(!entregar drone1 brazo1 crate17 person13 loc6 medicine)
(!vuelo drone1 loc6 loc8)
(!entregar drone1 brazo2 crate18 person14 loc8 medicine)
(!vuelo drone1 loc8 depot)
(!recoger drone1 brazo1 crate19 depot)
(!recoger drone1 brazo2 crate20 depot)
(!vuelo drone1 depot loc5)
(!entregar drone1 brazo1 crate19 person16 loc5 medicine)
(!vuelo drone1 loc5 loc1)
(!entregar drone1 brazo2 crate20 person17 loc1 medicine)
--------------------

Time Used = 0.012

