/home/andrea/JSHOP2/jshop2-console/JSHOP2.jar:/home/andrea/JSHOP2/jshop2-console/antlr.jar:.

1 plan(s) were found:

Plan #1:
Plan cost: 103.0

(!recoger drone1 brazo1 crate1 depot)
(!recoger drone1 brazo2 crate2 depot)
(!vuelo drone1 depot loc18)
(!entregar drone1 brazo1 crate1 person2 loc18 food)
(!vuelo drone1 loc18 loc16)
(!entregar drone1 brazo2 crate2 person4 loc16 food)
(!vuelo drone1 loc16 depot)
(!recoger drone1 brazo1 crate3 depot)
(!recoger drone1 brazo2 crate4 depot)
(!vuelo drone1 depot loc1)
(!entregar drone1 brazo1 crate3 person7 loc1 food)
(!vuelo drone1 loc1 loc23)
(!entregar drone1 brazo2 crate4 person9 loc23 food)
(!vuelo drone1 loc23 depot)
(!recoger drone1 brazo1 crate5 depot)
(!recoger drone1 brazo2 crate6 depot)
(!vuelo drone1 depot loc21)
(!entregar drone1 brazo1 crate5 person10 loc21 food)
(!entregar drone1 brazo2 crate6 person12 loc21 food)
(!vuelo drone1 loc21 depot)
(!recoger drone1 brazo1 crate7 depot)
(!recoger drone1 brazo2 crate8 depot)
(!vuelo drone1 depot loc10)
(!entregar drone1 brazo1 crate7 person13 loc10 food)
(!vuelo drone1 loc10 loc21)
(!entregar drone1 brazo2 crate8 person14 loc21 food)
(!vuelo drone1 loc21 depot)
(!recoger drone1 brazo1 crate9 depot)
(!recoger drone1 brazo2 crate10 depot)
(!vuelo drone1 depot loc12)
(!entregar drone1 brazo1 crate9 person15 loc12 food)
(!vuelo drone1 loc12 loc30)
(!entregar drone1 brazo2 crate10 person16 loc30 food)
(!vuelo drone1 loc30 depot)
(!recoger drone1 brazo1 crate11 depot)
(!recoger drone1 brazo2 crate12 depot)
(!vuelo drone1 depot loc4)
(!entregar drone1 brazo1 crate11 person19 loc4 food)
(!vuelo drone1 loc4 loc22)
(!entregar drone1 brazo2 crate12 person20 loc22 food)
(!vuelo drone1 loc22 depot)
(!recoger drone1 brazo1 crate13 depot)
(!recoger drone1 brazo2 crate14 depot)
(!vuelo drone1 depot loc27)
(!entregar drone1 brazo1 crate13 person22 loc27 food)
(!vuelo drone1 loc27 loc20)
(!entregar drone1 brazo2 crate14 person23 loc20 food)
(!vuelo drone1 loc20 depot)
(!recoger drone1 brazo1 crate15 depot)
(!recoger drone1 brazo2 crate16 depot)
(!vuelo drone1 depot loc12)
(!entregar drone1 brazo1 crate15 person24 loc12 food)
(!vuelo drone1 loc12 loc22)
(!entregar drone1 brazo2 crate16 person25 loc22 food)
(!vuelo drone1 loc22 depot)
(!recoger drone1 brazo1 crate17 depot)
(!recoger drone1 brazo2 crate18 depot)
(!vuelo drone1 depot loc22)
(!entregar drone1 brazo1 crate17 person27 loc22 food)
(!vuelo drone1 loc22 loc15)
(!entregar drone1 brazo2 crate18 person28 loc15 food)
(!vuelo drone1 loc15 depot)
(!recoger drone1 brazo1 crate19 depot)
(!recoger drone1 brazo2 crate20 depot)
(!vuelo drone1 depot loc29)
(!entregar drone1 brazo1 crate19 person29 loc29 food)
(!vuelo drone1 loc29 loc26)
(!entregar drone1 brazo2 crate20 person30 loc26 food)
(!vuelo drone1 loc26 depot)
(!recoger drone1 brazo1 crate21 depot)
(!recoger drone1 brazo2 crate22 depot)
(!vuelo drone1 depot loc16)
(!entregar drone1 brazo1 crate21 person4 loc16 medicine)
(!vuelo drone1 loc16 loc5)
(!entregar drone1 brazo2 crate22 person6 loc5 medicine)
(!vuelo drone1 loc5 depot)
(!recoger drone1 brazo1 crate23 depot)
(!recoger drone1 brazo2 crate24 depot)
(!vuelo drone1 depot loc1)
(!entregar drone1 brazo1 crate23 person7 loc1 medicine)
(!vuelo drone1 loc1 loc23)
(!entregar drone1 brazo2 crate24 person9 loc23 medicine)
(!vuelo drone1 loc23 depot)
(!recoger drone1 brazo1 crate25 depot)
(!recoger drone1 brazo2 crate26 depot)
(!vuelo drone1 depot loc12)
(!entregar drone1 brazo1 crate25 person15 loc12 medicine)
(!vuelo drone1 loc12 loc8)
(!entregar drone1 brazo2 crate26 person18 loc8 medicine)
(!vuelo drone1 loc8 depot)
(!recoger drone1 brazo1 crate27 depot)
(!recoger drone1 brazo2 crate28 depot)
(!vuelo drone1 depot loc4)
(!entregar drone1 brazo1 crate27 person19 loc4 medicine)
(!vuelo drone1 loc4 loc27)
(!entregar drone1 brazo2 crate28 person22 loc27 medicine)
(!vuelo drone1 loc27 depot)
(!recoger drone1 brazo1 crate29 depot)
(!recoger drone1 brazo2 crate30 depot)
(!vuelo drone1 depot loc12)
(!entregar drone1 brazo1 crate29 person24 loc12 medicine)
(!vuelo drone1 loc12 loc29)
(!entregar drone1 brazo2 crate30 person29 loc29 medicine)
--------------------

Time Used = 0.02

