/home/andrea/JSHOP2/jshop2-console/JSHOP2.jar:/home/andrea/JSHOP2/jshop2-console/antlr.jar:.

1 plan(s) were found:

Plan #1:
Plan cost: 1224.0

(!recoger drone1 brazo1 crate1 depot)
(!recoger drone1 brazo2 crate2 depot)
(!vuelo drone1 depot loc133)
(!entregar drone1 brazo1 crate1 person1 loc133 food)
(!vuelo drone1 loc133 loc328)
(!entregar drone1 brazo2 crate2 person2 loc328 food)
(!vuelo drone1 loc328 depot)
(!recoger drone1 brazo1 crate3 depot)
(!recoger drone1 brazo2 crate4 depot)
(!vuelo drone1 depot loc222)
(!entregar drone1 brazo1 crate3 person3 loc222 food)
(!vuelo drone1 loc222 loc344)
(!entregar drone1 brazo2 crate4 person4 loc344 food)
(!vuelo drone1 loc344 depot)
(!recoger drone1 brazo1 crate5 depot)
(!recoger drone1 brazo2 crate6 depot)
(!vuelo drone1 depot loc39)
(!entregar drone1 brazo1 crate5 person5 loc39 food)
(!vuelo drone1 loc39 loc13)
(!entregar drone1 brazo2 crate6 person6 loc13 food)
(!vuelo drone1 loc13 depot)
(!recoger drone1 brazo1 crate7 depot)
(!recoger drone1 brazo2 crate8 depot)
(!vuelo drone1 depot loc151)
(!entregar drone1 brazo1 crate7 person7 loc151 food)
(!vuelo drone1 loc151 loc152)
(!entregar drone1 brazo2 crate8 person8 loc152 food)
(!vuelo drone1 loc152 depot)
(!recoger drone1 brazo1 crate9 depot)
(!recoger drone1 brazo2 crate10 depot)
(!vuelo drone1 depot loc212)
(!entregar drone1 brazo1 crate9 person9 loc212 food)
(!vuelo drone1 loc212 loc239)
(!entregar drone1 brazo2 crate10 person10 loc239 food)
(!vuelo drone1 loc239 depot)
(!recoger drone1 brazo1 crate11 depot)
(!recoger drone1 brazo2 crate12 depot)
(!vuelo drone1 depot loc9)
(!entregar drone1 brazo1 crate11 person11 loc9 food)
(!vuelo drone1 loc9 loc206)
(!entregar drone1 brazo2 crate12 person12 loc206 food)
(!vuelo drone1 loc206 depot)
(!recoger drone1 brazo1 crate13 depot)
(!recoger drone1 brazo2 crate14 depot)
(!vuelo drone1 depot loc185)
(!entregar drone1 brazo1 crate13 person13 loc185 food)
(!vuelo drone1 loc185 loc212)
(!entregar drone1 brazo2 crate14 person14 loc212 food)
(!vuelo drone1 loc212 depot)
(!recoger drone1 brazo1 crate15 depot)
(!recoger drone1 brazo2 crate16 depot)
(!vuelo drone1 depot loc182)
(!entregar drone1 brazo1 crate15 person15 loc182 food)
(!vuelo drone1 loc182 loc47)
(!entregar drone1 brazo2 crate16 person16 loc47 food)
(!vuelo drone1 loc47 depot)
(!recoger drone1 brazo1 crate17 depot)
(!recoger drone1 brazo2 crate18 depot)
(!vuelo drone1 depot loc52)
(!entregar drone1 brazo1 crate17 person17 loc52 food)
(!vuelo drone1 loc52 loc208)
(!entregar drone1 brazo2 crate18 person18 loc208 food)
(!vuelo drone1 loc208 depot)
(!recoger drone1 brazo1 crate19 depot)
(!recoger drone1 brazo2 crate20 depot)
(!vuelo drone1 depot loc27)
(!entregar drone1 brazo1 crate19 person19 loc27 food)
(!vuelo drone1 loc27 loc234)
(!entregar drone1 brazo2 crate20 person20 loc234 food)
(!vuelo drone1 loc234 depot)
(!recoger drone1 brazo1 crate21 depot)
(!recoger drone1 brazo2 crate22 depot)
(!vuelo drone1 depot loc108)
(!entregar drone1 brazo1 crate21 person21 loc108 food)
(!vuelo drone1 loc108 loc201)
(!entregar drone1 brazo2 crate22 person22 loc201 food)
(!vuelo drone1 loc201 depot)
(!recoger drone1 brazo1 crate23 depot)
(!recoger drone1 brazo2 crate24 depot)
(!vuelo drone1 depot loc76)
(!entregar drone1 brazo1 crate23 person23 loc76 food)
(!vuelo drone1 loc76 loc142)
(!entregar drone1 brazo2 crate24 person24 loc142 food)
(!vuelo drone1 loc142 depot)
(!recoger drone1 brazo1 crate25 depot)
(!recoger drone1 brazo2 crate26 depot)
(!vuelo drone1 depot loc124)
(!entregar drone1 brazo1 crate25 person25 loc124 food)
(!vuelo drone1 loc124 loc51)
(!entregar drone1 brazo2 crate26 person26 loc51 food)
(!vuelo drone1 loc51 depot)
(!recoger drone1 brazo1 crate27 depot)
(!recoger drone1 brazo2 crate28 depot)
(!vuelo drone1 depot loc297)
(!entregar drone1 brazo1 crate27 person27 loc297 food)
(!vuelo drone1 loc297 loc96)
(!entregar drone1 brazo2 crate28 person28 loc96 food)
(!vuelo drone1 loc96 depot)
(!recoger drone1 brazo1 crate29 depot)
(!recoger drone1 brazo2 crate30 depot)
(!vuelo drone1 depot loc43)
(!entregar drone1 brazo1 crate29 person29 loc43 food)
(!vuelo drone1 loc43 loc95)
(!entregar drone1 brazo2 crate30 person30 loc95 food)
(!vuelo drone1 loc95 depot)
(!recoger drone1 brazo1 crate31 depot)
(!recoger drone1 brazo2 crate32 depot)
(!vuelo drone1 depot loc109)
(!entregar drone1 brazo1 crate31 person31 loc109 food)
(!vuelo drone1 loc109 loc11)
(!entregar drone1 brazo2 crate32 person32 loc11 food)
(!vuelo drone1 loc11 depot)
(!recoger drone1 brazo1 crate33 depot)
(!recoger drone1 brazo2 crate34 depot)
(!vuelo drone1 depot loc12)
(!entregar drone1 brazo1 crate33 person33 loc12 food)
(!vuelo drone1 loc12 loc260)
(!entregar drone1 brazo2 crate34 person34 loc260 food)
(!vuelo drone1 loc260 depot)
(!recoger drone1 brazo1 crate35 depot)
(!recoger drone1 brazo2 crate36 depot)
(!vuelo drone1 depot loc135)
(!entregar drone1 brazo1 crate35 person35 loc135 food)
(!vuelo drone1 loc135 loc162)
(!entregar drone1 brazo2 crate36 person36 loc162 food)
(!vuelo drone1 loc162 depot)
(!recoger drone1 brazo1 crate37 depot)
(!recoger drone1 brazo2 crate38 depot)
(!vuelo drone1 depot loc136)
(!entregar drone1 brazo1 crate37 person37 loc136 food)
(!vuelo drone1 loc136 loc108)
(!entregar drone1 brazo2 crate38 person38 loc108 food)
(!vuelo drone1 loc108 depot)
(!recoger drone1 brazo1 crate39 depot)
(!recoger drone1 brazo2 crate40 depot)
(!vuelo drone1 depot loc265)
(!entregar drone1 brazo1 crate39 person39 loc265 food)
(!vuelo drone1 loc265 loc11)
(!entregar drone1 brazo2 crate40 person40 loc11 food)
(!vuelo drone1 loc11 depot)
(!recoger drone1 brazo1 crate41 depot)
(!recoger drone1 brazo2 crate42 depot)
(!vuelo drone1 depot loc323)
(!entregar drone1 brazo1 crate41 person41 loc323 food)
(!vuelo drone1 loc323 loc253)
(!entregar drone1 brazo2 crate42 person42 loc253 food)
(!vuelo drone1 loc253 depot)
(!recoger drone1 brazo1 crate43 depot)
(!recoger drone1 brazo2 crate44 depot)
(!vuelo drone1 depot loc48)
(!entregar drone1 brazo1 crate43 person43 loc48 food)
(!vuelo drone1 loc48 loc321)
(!entregar drone1 brazo2 crate44 person44 loc321 food)
(!vuelo drone1 loc321 depot)
(!recoger drone1 brazo1 crate45 depot)
(!recoger drone1 brazo2 crate46 depot)
(!vuelo drone1 depot loc196)
(!entregar drone1 brazo1 crate45 person45 loc196 food)
(!vuelo drone1 loc196 loc274)
(!entregar drone1 brazo2 crate46 person46 loc274 food)
(!vuelo drone1 loc274 depot)
(!recoger drone1 brazo1 crate47 depot)
(!recoger drone1 brazo2 crate48 depot)
(!vuelo drone1 depot loc93)
(!entregar drone1 brazo1 crate47 person47 loc93 food)
(!vuelo drone1 loc93 loc66)
(!entregar drone1 brazo2 crate48 person48 loc66 food)
(!vuelo drone1 loc66 depot)
(!recoger drone1 brazo1 crate49 depot)
(!recoger drone1 brazo2 crate50 depot)
(!vuelo drone1 depot loc222)
(!entregar drone1 brazo1 crate49 person49 loc222 food)
(!vuelo drone1 loc222 loc85)
(!entregar drone1 brazo2 crate50 person50 loc85 food)
(!vuelo drone1 loc85 depot)
(!recoger drone1 brazo1 crate51 depot)
(!recoger drone1 brazo2 crate52 depot)
(!vuelo drone1 depot loc347)
(!entregar drone1 brazo1 crate51 person51 loc347 food)
(!vuelo drone1 loc347 loc119)
(!entregar drone1 brazo2 crate52 person52 loc119 food)
(!vuelo drone1 loc119 depot)
(!recoger drone1 brazo1 crate53 depot)
(!recoger drone1 brazo2 crate54 depot)
(!vuelo drone1 depot loc170)
(!entregar drone1 brazo1 crate53 person53 loc170 food)
(!vuelo drone1 loc170 loc8)
(!entregar drone1 brazo2 crate54 person54 loc8 food)
(!vuelo drone1 loc8 depot)
(!recoger drone1 brazo1 crate55 depot)
(!recoger drone1 brazo2 crate56 depot)
(!vuelo drone1 depot loc330)
(!entregar drone1 brazo1 crate55 person55 loc330 food)
(!vuelo drone1 loc330 loc115)
(!entregar drone1 brazo2 crate56 person56 loc115 food)
(!vuelo drone1 loc115 depot)
(!recoger drone1 brazo1 crate57 depot)
(!recoger drone1 brazo2 crate58 depot)
(!vuelo drone1 depot loc340)
(!entregar drone1 brazo1 crate57 person58 loc340 food)
(!vuelo drone1 loc340 loc201)
(!entregar drone1 brazo2 crate58 person59 loc201 food)
(!vuelo drone1 loc201 depot)
(!recoger drone1 brazo1 crate59 depot)
(!recoger drone1 brazo2 crate60 depot)
(!vuelo drone1 depot loc144)
(!entregar drone1 brazo1 crate59 person60 loc144 food)
(!vuelo drone1 loc144 loc220)
(!entregar drone1 brazo2 crate60 person61 loc220 food)
(!vuelo drone1 loc220 depot)
(!recoger drone1 brazo1 crate61 depot)
(!recoger drone1 brazo2 crate62 depot)
(!vuelo drone1 depot loc222)
(!entregar drone1 brazo1 crate61 person62 loc222 food)
(!vuelo drone1 loc222 loc254)
(!entregar drone1 brazo2 crate62 person63 loc254 food)
(!vuelo drone1 loc254 depot)
(!recoger drone1 brazo1 crate63 depot)
(!recoger drone1 brazo2 crate64 depot)
(!vuelo drone1 depot loc156)
(!entregar drone1 brazo1 crate63 person64 loc156 food)
(!vuelo drone1 loc156 loc199)
(!entregar drone1 brazo2 crate64 person65 loc199 food)
(!vuelo drone1 loc199 depot)
(!recoger drone1 brazo1 crate65 depot)
(!recoger drone1 brazo2 crate66 depot)
(!vuelo drone1 depot loc216)
(!entregar drone1 brazo1 crate65 person66 loc216 food)
(!vuelo drone1 loc216 loc237)
(!entregar drone1 brazo2 crate66 person67 loc237 food)
(!vuelo drone1 loc237 depot)
(!recoger drone1 brazo1 crate67 depot)
(!recoger drone1 brazo2 crate68 depot)
(!vuelo drone1 depot loc303)
(!entregar drone1 brazo1 crate67 person68 loc303 food)
(!vuelo drone1 loc303 loc71)
(!entregar drone1 brazo2 crate68 person69 loc71 food)
(!vuelo drone1 loc71 depot)
(!recoger drone1 brazo1 crate69 depot)
(!recoger drone1 brazo2 crate70 depot)
(!vuelo drone1 depot loc40)
(!entregar drone1 brazo1 crate69 person70 loc40 food)
(!vuelo drone1 loc40 loc139)
(!entregar drone1 brazo2 crate70 person71 loc139 food)
(!vuelo drone1 loc139 depot)
(!recoger drone1 brazo1 crate71 depot)
(!recoger drone1 brazo2 crate72 depot)
(!vuelo drone1 depot loc237)
(!entregar drone1 brazo1 crate71 person72 loc237 food)
(!vuelo drone1 loc237 loc321)
(!entregar drone1 brazo2 crate72 person73 loc321 food)
(!vuelo drone1 loc321 depot)
(!recoger drone1 brazo1 crate73 depot)
(!recoger drone1 brazo2 crate74 depot)
(!vuelo drone1 depot loc79)
(!entregar drone1 brazo1 crate73 person74 loc79 food)
(!vuelo drone1 loc79 loc279)
(!entregar drone1 brazo2 crate74 person75 loc279 food)
(!vuelo drone1 loc279 depot)
(!recoger drone1 brazo1 crate75 depot)
(!recoger drone1 brazo2 crate76 depot)
(!vuelo drone1 depot loc249)
(!entregar drone1 brazo1 crate75 person76 loc249 food)
(!vuelo drone1 loc249 loc225)
(!entregar drone1 brazo2 crate76 person77 loc225 food)
(!vuelo drone1 loc225 depot)
(!recoger drone1 brazo1 crate77 depot)
(!recoger drone1 brazo2 crate78 depot)
(!vuelo drone1 depot loc306)
(!entregar drone1 brazo1 crate77 person78 loc306 food)
(!vuelo drone1 loc306 loc101)
(!entregar drone1 brazo2 crate78 person79 loc101 food)
(!vuelo drone1 loc101 depot)
(!recoger drone1 brazo1 crate79 depot)
(!recoger drone1 brazo2 crate80 depot)
(!vuelo drone1 depot loc269)
(!entregar drone1 brazo1 crate79 person80 loc269 food)
(!vuelo drone1 loc269 loc316)
(!entregar drone1 brazo2 crate80 person81 loc316 food)
(!vuelo drone1 loc316 depot)
(!recoger drone1 brazo1 crate81 depot)
(!recoger drone1 brazo2 crate82 depot)
(!vuelo drone1 depot loc191)
(!entregar drone1 brazo1 crate81 person82 loc191 food)
(!vuelo drone1 loc191 loc106)
(!entregar drone1 brazo2 crate82 person83 loc106 food)
(!vuelo drone1 loc106 depot)
(!recoger drone1 brazo1 crate83 depot)
(!recoger drone1 brazo2 crate84 depot)
(!vuelo drone1 depot loc48)
(!entregar drone1 brazo1 crate83 person84 loc48 food)
(!vuelo drone1 loc48 loc65)
(!entregar drone1 brazo2 crate84 person85 loc65 food)
(!vuelo drone1 loc65 depot)
(!recoger drone1 brazo1 crate85 depot)
(!recoger drone1 brazo2 crate86 depot)
(!vuelo drone1 depot loc282)
(!entregar drone1 brazo1 crate85 person86 loc282 food)
(!vuelo drone1 loc282 loc1)
(!entregar drone1 brazo2 crate86 person88 loc1 food)
(!vuelo drone1 loc1 depot)
(!recoger drone1 brazo1 crate87 depot)
(!recoger drone1 brazo2 crate88 depot)
(!vuelo drone1 depot loc146)
(!entregar drone1 brazo1 crate87 person89 loc146 food)
(!vuelo drone1 loc146 loc183)
(!entregar drone1 brazo2 crate88 person90 loc183 food)
(!vuelo drone1 loc183 depot)
(!recoger drone1 brazo1 crate89 depot)
(!recoger drone1 brazo2 crate90 depot)
(!vuelo drone1 depot loc321)
(!entregar drone1 brazo1 crate89 person91 loc321 food)
(!vuelo drone1 loc321 loc226)
(!entregar drone1 brazo2 crate90 person92 loc226 food)
(!vuelo drone1 loc226 depot)
(!recoger drone1 brazo1 crate91 depot)
(!recoger drone1 brazo2 crate92 depot)
(!vuelo drone1 depot loc273)
(!entregar drone1 brazo1 crate91 person93 loc273 food)
(!vuelo drone1 loc273 loc131)
(!entregar drone1 brazo2 crate92 person94 loc131 food)
(!vuelo drone1 loc131 depot)
(!recoger drone1 brazo1 crate93 depot)
(!recoger drone1 brazo2 crate94 depot)
(!vuelo drone1 depot loc41)
(!entregar drone1 brazo1 crate93 person95 loc41 food)
(!vuelo drone1 loc41 loc319)
(!entregar drone1 brazo2 crate94 person96 loc319 food)
(!vuelo drone1 loc319 depot)
(!recoger drone1 brazo1 crate95 depot)
(!recoger drone1 brazo2 crate96 depot)
(!vuelo drone1 depot loc331)
(!entregar drone1 brazo1 crate95 person97 loc331 food)
(!vuelo drone1 loc331 loc287)
(!entregar drone1 brazo2 crate96 person98 loc287 food)
(!vuelo drone1 loc287 depot)
(!recoger drone1 brazo1 crate97 depot)
(!recoger drone1 brazo2 crate98 depot)
(!vuelo drone1 depot loc18)
(!entregar drone1 brazo1 crate97 person99 loc18 food)
(!vuelo drone1 loc18 loc5)
(!entregar drone1 brazo2 crate98 person100 loc5 food)
(!vuelo drone1 loc5 depot)
(!recoger drone1 brazo1 crate99 depot)
(!recoger drone1 brazo2 crate100 depot)
(!vuelo drone1 depot loc1)
(!entregar drone1 brazo1 crate99 person102 loc1 food)
(!vuelo drone1 loc1 loc222)
(!entregar drone1 brazo2 crate100 person103 loc222 food)
(!vuelo drone1 loc222 depot)
(!recoger drone1 brazo1 crate101 depot)
(!recoger drone1 brazo2 crate102 depot)
(!vuelo drone1 depot loc169)
(!entregar drone1 brazo1 crate101 person104 loc169 food)
(!vuelo drone1 loc169 loc254)
(!entregar drone1 brazo2 crate102 person105 loc254 food)
(!vuelo drone1 loc254 depot)
(!recoger drone1 brazo1 crate103 depot)
(!recoger drone1 brazo2 crate104 depot)
(!vuelo drone1 depot loc156)
(!entregar drone1 brazo1 crate103 person106 loc156 food)
(!vuelo drone1 loc156 loc91)
(!entregar drone1 brazo2 crate104 person107 loc91 food)
(!vuelo drone1 loc91 depot)
(!recoger drone1 brazo1 crate105 depot)
(!recoger drone1 brazo2 crate106 depot)
(!vuelo drone1 depot loc102)
(!entregar drone1 brazo1 crate105 person108 loc102 food)
(!vuelo drone1 loc102 loc157)
(!entregar drone1 brazo2 crate106 person109 loc157 food)
(!vuelo drone1 loc157 depot)
(!recoger drone1 brazo1 crate107 depot)
(!recoger drone1 brazo2 crate108 depot)
(!vuelo drone1 depot loc313)
(!entregar drone1 brazo1 crate107 person110 loc313 food)
(!vuelo drone1 loc313 loc176)
(!entregar drone1 brazo2 crate108 person111 loc176 food)
(!vuelo drone1 loc176 depot)
(!recoger drone1 brazo1 crate109 depot)
(!recoger drone1 brazo2 crate110 depot)
(!vuelo drone1 depot loc341)
(!entregar drone1 brazo1 crate109 person112 loc341 food)
(!vuelo drone1 loc341 loc237)
(!entregar drone1 brazo2 crate110 person113 loc237 food)
(!vuelo drone1 loc237 depot)
(!recoger drone1 brazo1 crate111 depot)
(!recoger drone1 brazo2 crate112 depot)
(!vuelo drone1 depot loc15)
(!entregar drone1 brazo1 crate111 person114 loc15 food)
(!vuelo drone1 loc15 loc42)
(!entregar drone1 brazo2 crate112 person115 loc42 food)
(!vuelo drone1 loc42 depot)
(!recoger drone1 brazo1 crate113 depot)
(!recoger drone1 brazo2 crate114 depot)
(!vuelo drone1 depot loc61)
(!entregar drone1 brazo1 crate113 person116 loc61 food)
(!vuelo drone1 loc61 loc174)
(!entregar drone1 brazo2 crate114 person117 loc174 food)
(!vuelo drone1 loc174 depot)
(!recoger drone1 brazo1 crate115 depot)
(!recoger drone1 brazo2 crate116 depot)
(!vuelo drone1 depot loc327)
(!entregar drone1 brazo1 crate115 person118 loc327 food)
(!vuelo drone1 loc327 loc350)
(!entregar drone1 brazo2 crate116 person119 loc350 food)
(!vuelo drone1 loc350 depot)
(!recoger drone1 brazo1 crate117 depot)
(!recoger drone1 brazo2 crate118 depot)
(!vuelo drone1 depot loc303)
(!entregar drone1 brazo1 crate117 person120 loc303 food)
(!vuelo drone1 loc303 loc186)
(!entregar drone1 brazo2 crate118 person121 loc186 food)
(!vuelo drone1 loc186 depot)
(!recoger drone1 brazo1 crate119 depot)
(!recoger drone1 brazo2 crate120 depot)
(!vuelo drone1 depot loc29)
(!entregar drone1 brazo1 crate119 person122 loc29 food)
(!vuelo drone1 loc29 loc21)
(!entregar drone1 brazo2 crate120 person123 loc21 food)
(!vuelo drone1 loc21 depot)
(!recoger drone1 brazo1 crate121 depot)
(!recoger drone1 brazo2 crate122 depot)
(!vuelo drone1 depot loc282)
(!entregar drone1 brazo1 crate121 person124 loc282 food)
(!vuelo drone1 loc282 loc12)
(!entregar drone1 brazo2 crate122 person125 loc12 food)
(!vuelo drone1 loc12 depot)
(!recoger drone1 brazo1 crate123 depot)
(!recoger drone1 brazo2 crate124 depot)
(!vuelo drone1 depot loc32)
(!entregar drone1 brazo1 crate123 person126 loc32 food)
(!vuelo drone1 loc32 loc72)
(!entregar drone1 brazo2 crate124 person127 loc72 food)
(!vuelo drone1 loc72 depot)
(!recoger drone1 brazo1 crate125 depot)
(!recoger drone1 brazo2 crate126 depot)
(!vuelo drone1 depot loc188)
(!entregar drone1 brazo1 crate125 person128 loc188 food)
(!vuelo drone1 loc188 loc31)
(!entregar drone1 brazo2 crate126 person129 loc31 food)
(!vuelo drone1 loc31 depot)
(!recoger drone1 brazo1 crate127 depot)
(!recoger drone1 brazo2 crate128 depot)
(!vuelo drone1 depot loc237)
(!entregar drone1 brazo1 crate127 person130 loc237 food)
(!vuelo drone1 loc237 loc270)
(!entregar drone1 brazo2 crate128 person131 loc270 food)
(!vuelo drone1 loc270 depot)
(!recoger drone1 brazo1 crate129 depot)
(!recoger drone1 brazo2 crate130 depot)
(!vuelo drone1 depot loc243)
(!entregar drone1 brazo1 crate129 person132 loc243 food)
(!vuelo drone1 loc243 loc40)
(!entregar drone1 brazo2 crate130 person133 loc40 food)
(!vuelo drone1 loc40 depot)
(!recoger drone1 brazo1 crate131 depot)
(!recoger drone1 brazo2 crate132 depot)
(!vuelo drone1 depot loc163)
(!entregar drone1 brazo1 crate131 person134 loc163 food)
(!vuelo drone1 loc163 loc36)
(!entregar drone1 brazo2 crate132 person135 loc36 food)
(!vuelo drone1 loc36 depot)
(!recoger drone1 brazo1 crate133 depot)
(!recoger drone1 brazo2 crate134 depot)
(!vuelo drone1 depot loc166)
(!entregar drone1 brazo1 crate133 person136 loc166 food)
(!vuelo drone1 loc166 loc172)
(!entregar drone1 brazo2 crate134 person137 loc172 food)
(!vuelo drone1 loc172 depot)
(!recoger drone1 brazo1 crate135 depot)
(!recoger drone1 brazo2 crate136 depot)
(!vuelo drone1 depot loc203)
(!entregar drone1 brazo1 crate135 person138 loc203 food)
(!vuelo drone1 loc203 loc285)
(!entregar drone1 brazo2 crate136 person139 loc285 food)
(!vuelo drone1 loc285 depot)
(!recoger drone1 brazo1 crate137 depot)
(!recoger drone1 brazo2 crate138 depot)
(!vuelo drone1 depot loc187)
(!entregar drone1 brazo1 crate137 person140 loc187 food)
(!vuelo drone1 loc187 loc338)
(!entregar drone1 brazo2 crate138 person141 loc338 food)
(!vuelo drone1 loc338 depot)
(!recoger drone1 brazo1 crate139 depot)
(!recoger drone1 brazo2 crate140 depot)
(!vuelo drone1 depot loc213)
(!entregar drone1 brazo1 crate139 person142 loc213 food)
(!vuelo drone1 loc213 loc111)
(!entregar drone1 brazo2 crate140 person143 loc111 food)
(!vuelo drone1 loc111 depot)
(!recoger drone1 brazo1 crate141 depot)
(!recoger drone1 brazo2 crate142 depot)
(!vuelo drone1 depot loc283)
(!entregar drone1 brazo1 crate141 person144 loc283 food)
(!vuelo drone1 loc283 loc266)
(!entregar drone1 brazo2 crate142 person145 loc266 food)
(!vuelo drone1 loc266 depot)
(!recoger drone1 brazo1 crate143 depot)
(!recoger drone1 brazo2 crate144 depot)
(!vuelo drone1 depot loc32)
(!entregar drone1 brazo1 crate143 person146 loc32 food)
(!vuelo drone1 loc32 loc274)
(!entregar drone1 brazo2 crate144 person147 loc274 food)
(!vuelo drone1 loc274 depot)
(!recoger drone1 brazo1 crate145 depot)
(!recoger drone1 brazo2 crate146 depot)
(!vuelo drone1 depot loc175)
(!entregar drone1 brazo1 crate145 person148 loc175 food)
(!vuelo drone1 loc175 loc266)
(!entregar drone1 brazo2 crate146 person150 loc266 food)
(!vuelo drone1 loc266 depot)
(!recoger drone1 brazo1 crate147 depot)
(!recoger drone1 brazo2 crate148 depot)
(!vuelo drone1 depot loc109)
(!entregar drone1 brazo1 crate147 person151 loc109 food)
(!vuelo drone1 loc109 loc51)
(!entregar drone1 brazo2 crate148 person152 loc51 food)
(!vuelo drone1 loc51 depot)
(!recoger drone1 brazo1 crate149 depot)
(!recoger drone1 brazo2 crate150 depot)
(!vuelo drone1 depot loc254)
(!entregar drone1 brazo1 crate149 person153 loc254 food)
(!vuelo drone1 loc254 loc213)
(!entregar drone1 brazo2 crate150 person154 loc213 food)
(!vuelo drone1 loc213 depot)
(!recoger drone1 brazo1 crate151 depot)
(!recoger drone1 brazo2 crate152 depot)
(!vuelo drone1 depot loc219)
(!entregar drone1 brazo1 crate151 person155 loc219 food)
(!vuelo drone1 loc219 loc261)
(!entregar drone1 brazo2 crate152 person156 loc261 food)
(!vuelo drone1 loc261 depot)
(!recoger drone1 brazo1 crate153 depot)
(!recoger drone1 brazo2 crate154 depot)
(!vuelo drone1 depot loc107)
(!entregar drone1 brazo1 crate153 person157 loc107 food)
(!vuelo drone1 loc107 loc179)
(!entregar drone1 brazo2 crate154 person158 loc179 food)
(!vuelo drone1 loc179 depot)
(!recoger drone1 brazo1 crate155 depot)
(!recoger drone1 brazo2 crate156 depot)
(!vuelo drone1 depot loc172)
(!entregar drone1 brazo1 crate155 person159 loc172 food)
(!vuelo drone1 loc172 loc88)
(!entregar drone1 brazo2 crate156 person160 loc88 food)
(!vuelo drone1 loc88 depot)
(!recoger drone1 brazo1 crate157 depot)
(!recoger drone1 brazo2 crate158 depot)
(!vuelo drone1 depot loc103)
(!entregar drone1 brazo1 crate157 person161 loc103 food)
(!vuelo drone1 loc103 loc261)
(!entregar drone1 brazo2 crate158 person162 loc261 food)
(!vuelo drone1 loc261 depot)
(!recoger drone1 brazo1 crate159 depot)
(!recoger drone1 brazo2 crate160 depot)
(!vuelo drone1 depot loc141)
(!entregar drone1 brazo1 crate159 person163 loc141 food)
(!vuelo drone1 loc141 loc224)
(!entregar drone1 brazo2 crate160 person164 loc224 food)
(!vuelo drone1 loc224 depot)
(!recoger drone1 brazo1 crate161 depot)
(!recoger drone1 brazo2 crate162 depot)
(!vuelo drone1 depot loc44)
(!entregar drone1 brazo1 crate161 person165 loc44 food)
(!vuelo drone1 loc44 loc306)
(!entregar drone1 brazo2 crate162 person166 loc306 food)
(!vuelo drone1 loc306 depot)
(!recoger drone1 brazo1 crate163 depot)
(!recoger drone1 brazo2 crate164 depot)
(!vuelo drone1 depot loc10)
(!entregar drone1 brazo1 crate163 person167 loc10 food)
(!vuelo drone1 loc10 loc39)
(!entregar drone1 brazo2 crate164 person168 loc39 food)
(!vuelo drone1 loc39 depot)
(!recoger drone1 brazo1 crate165 depot)
(!recoger drone1 brazo2 crate166 depot)
(!vuelo drone1 depot loc277)
(!entregar drone1 brazo1 crate165 person169 loc277 food)
(!vuelo drone1 loc277 loc44)
(!entregar drone1 brazo2 crate166 person170 loc44 food)
(!vuelo drone1 loc44 depot)
(!recoger drone1 brazo1 crate167 depot)
(!recoger drone1 brazo2 crate168 depot)
(!vuelo drone1 depot loc194)
(!entregar drone1 brazo1 crate167 person171 loc194 food)
(!vuelo drone1 loc194 loc98)
(!entregar drone1 brazo2 crate168 person172 loc98 food)
(!vuelo drone1 loc98 depot)
(!recoger drone1 brazo1 crate169 depot)
(!recoger drone1 brazo2 crate170 depot)
(!vuelo drone1 depot loc348)
(!entregar drone1 brazo1 crate169 person173 loc348 food)
(!vuelo drone1 loc348 loc133)
(!entregar drone1 brazo2 crate170 person174 loc133 food)
(!vuelo drone1 loc133 depot)
(!recoger drone1 brazo1 crate171 depot)
(!recoger drone1 brazo2 crate172 depot)
(!vuelo drone1 depot loc38)
(!entregar drone1 brazo1 crate171 person175 loc38 food)
(!vuelo drone1 loc38 loc327)
(!entregar drone1 brazo2 crate172 person176 loc327 food)
(!vuelo drone1 loc327 depot)
(!recoger drone1 brazo1 crate173 depot)
(!recoger drone1 brazo2 crate174 depot)
(!vuelo drone1 depot loc195)
(!entregar drone1 brazo1 crate173 person177 loc195 food)
(!vuelo drone1 loc195 loc11)
(!entregar drone1 brazo2 crate174 person178 loc11 food)
(!vuelo drone1 loc11 depot)
(!recoger drone1 brazo1 crate175 depot)
(!recoger drone1 brazo2 crate176 depot)
(!vuelo drone1 depot loc14)
(!entregar drone1 brazo1 crate175 person179 loc14 food)
(!vuelo drone1 loc14 loc100)
(!entregar drone1 brazo2 crate176 person180 loc100 food)
(!vuelo drone1 loc100 depot)
(!recoger drone1 brazo1 crate177 depot)
(!recoger drone1 brazo2 crate178 depot)
(!vuelo drone1 depot loc245)
(!entregar drone1 brazo1 crate177 person181 loc245 food)
(!vuelo drone1 loc245 loc174)
(!entregar drone1 brazo2 crate178 person182 loc174 food)
(!vuelo drone1 loc174 depot)
(!recoger drone1 brazo1 crate179 depot)
(!recoger drone1 brazo2 crate180 depot)
(!vuelo drone1 depot loc21)
(!entregar drone1 brazo1 crate179 person183 loc21 food)
(!vuelo drone1 loc21 loc318)
(!entregar drone1 brazo2 crate180 person184 loc318 food)
(!vuelo drone1 loc318 depot)
(!recoger drone1 brazo1 crate181 depot)
(!recoger drone1 brazo2 crate182 depot)
(!vuelo drone1 depot loc60)
(!entregar drone1 brazo1 crate181 person185 loc60 food)
(!vuelo drone1 loc60 loc342)
(!entregar drone1 brazo2 crate182 person186 loc342 food)
(!vuelo drone1 loc342 depot)
(!recoger drone1 brazo1 crate183 depot)
(!recoger drone1 brazo2 crate184 depot)
(!vuelo drone1 depot loc176)
(!entregar drone1 brazo1 crate183 person187 loc176 food)
(!vuelo drone1 loc176 loc55)
(!entregar drone1 brazo2 crate184 person189 loc55 food)
(!vuelo drone1 loc55 depot)
(!recoger drone1 brazo1 crate185 depot)
(!recoger drone1 brazo2 crate186 depot)
(!vuelo drone1 depot loc308)
(!entregar drone1 brazo1 crate185 person190 loc308 food)
(!vuelo drone1 loc308 loc338)
(!entregar drone1 brazo2 crate186 person191 loc338 food)
(!vuelo drone1 loc338 depot)
(!recoger drone1 brazo1 crate187 depot)
(!recoger drone1 brazo2 crate188 depot)
(!vuelo drone1 depot loc118)
(!entregar drone1 brazo1 crate187 person192 loc118 food)
(!vuelo drone1 loc118 loc62)
(!entregar drone1 brazo2 crate188 person193 loc62 food)
(!vuelo drone1 loc62 depot)
(!recoger drone1 brazo1 crate189 depot)
(!recoger drone1 brazo2 crate190 depot)
(!vuelo drone1 depot loc122)
(!entregar drone1 brazo1 crate189 person194 loc122 food)
(!vuelo drone1 loc122 loc273)
(!entregar drone1 brazo2 crate190 person195 loc273 food)
(!vuelo drone1 loc273 depot)
(!recoger drone1 brazo1 crate191 depot)
(!recoger drone1 brazo2 crate192 depot)
(!vuelo drone1 depot loc111)
(!entregar drone1 brazo1 crate191 person196 loc111 food)
(!vuelo drone1 loc111 loc46)
(!entregar drone1 brazo2 crate192 person197 loc46 food)
(!vuelo drone1 loc46 depot)
(!recoger drone1 brazo1 crate193 depot)
(!recoger drone1 brazo2 crate194 depot)
(!vuelo drone1 depot loc306)
(!entregar drone1 brazo1 crate193 person198 loc306 food)
(!vuelo drone1 loc306 loc80)
(!entregar drone1 brazo2 crate194 person199 loc80 food)
(!vuelo drone1 loc80 depot)
(!recoger drone1 brazo1 crate195 depot)
(!recoger drone1 brazo2 crate196 depot)
(!vuelo drone1 depot loc346)
(!entregar drone1 brazo1 crate195 person200 loc346 food)
(!vuelo drone1 loc346 loc291)
(!entregar drone1 brazo2 crate196 person201 loc291 food)
(!vuelo drone1 loc291 depot)
(!recoger drone1 brazo1 crate197 depot)
(!recoger drone1 brazo2 crate198 depot)
(!vuelo drone1 depot loc109)
(!entregar drone1 brazo1 crate197 person203 loc109 food)
(!vuelo drone1 loc109 loc298)
(!entregar drone1 brazo2 crate198 person204 loc298 food)
(!vuelo drone1 loc298 depot)
(!recoger drone1 brazo1 crate199 depot)
(!recoger drone1 brazo2 crate200 depot)
(!vuelo drone1 depot loc168)
(!entregar drone1 brazo1 crate199 person205 loc168 food)
(!vuelo drone1 loc168 loc101)
(!entregar drone1 brazo2 crate200 person206 loc101 food)
(!vuelo drone1 loc101 depot)
(!recoger drone1 brazo1 crate201 depot)
(!recoger drone1 brazo2 crate202 depot)
(!vuelo drone1 depot loc184)
(!entregar drone1 brazo1 crate201 person207 loc184 food)
(!vuelo drone1 loc184 loc53)
(!entregar drone1 brazo2 crate202 person208 loc53 food)
(!vuelo drone1 loc53 depot)
(!recoger drone1 brazo1 crate203 depot)
(!recoger drone1 brazo2 crate204 depot)
(!vuelo drone1 depot loc194)
(!entregar drone1 brazo1 crate203 person209 loc194 food)
(!vuelo drone1 loc194 loc122)
(!entregar drone1 brazo2 crate204 person210 loc122 food)
(!vuelo drone1 loc122 depot)
(!recoger drone1 brazo1 crate205 depot)
(!recoger drone1 brazo2 crate206 depot)
(!vuelo drone1 depot loc65)
(!entregar drone1 brazo1 crate205 person211 loc65 food)
(!vuelo drone1 loc65 loc112)
(!entregar drone1 brazo2 crate206 person212 loc112 food)
(!vuelo drone1 loc112 depot)
(!recoger drone1 brazo1 crate207 depot)
(!recoger drone1 brazo2 crate208 depot)
(!vuelo drone1 depot loc251)
(!entregar drone1 brazo1 crate207 person213 loc251 food)
(!vuelo drone1 loc251 loc95)
(!entregar drone1 brazo2 crate208 person214 loc95 food)
(!vuelo drone1 loc95 depot)
(!recoger drone1 brazo1 crate209 depot)
(!recoger drone1 brazo2 crate210 depot)
(!vuelo drone1 depot loc324)
(!entregar drone1 brazo1 crate209 person215 loc324 food)
(!vuelo drone1 loc324 loc21)
(!entregar drone1 brazo2 crate210 person216 loc21 food)
(!vuelo drone1 loc21 depot)
(!recoger drone1 brazo1 crate211 depot)
(!recoger drone1 brazo2 crate212 depot)
(!vuelo drone1 depot loc50)
(!entregar drone1 brazo1 crate211 person217 loc50 food)
(!vuelo drone1 loc50 loc218)
(!entregar drone1 brazo2 crate212 person218 loc218 food)
(!vuelo drone1 loc218 depot)
(!recoger drone1 brazo1 crate213 depot)
(!recoger drone1 brazo2 crate214 depot)
(!vuelo drone1 depot loc144)
(!entregar drone1 brazo1 crate213 person219 loc144 food)
(!vuelo drone1 loc144 loc188)
(!entregar drone1 brazo2 crate214 person220 loc188 food)
(!vuelo drone1 loc188 depot)
(!recoger drone1 brazo1 crate215 depot)
(!recoger drone1 brazo2 crate216 depot)
(!vuelo drone1 depot loc244)
(!entregar drone1 brazo1 crate215 person221 loc244 food)
(!vuelo drone1 loc244 loc349)
(!entregar drone1 brazo2 crate216 person222 loc349 food)
(!vuelo drone1 loc349 depot)
(!recoger drone1 brazo1 crate217 depot)
(!recoger drone1 brazo2 crate218 depot)
(!vuelo drone1 depot loc166)
(!entregar drone1 brazo1 crate217 person223 loc166 food)
(!vuelo drone1 loc166 loc73)
(!entregar drone1 brazo2 crate218 person224 loc73 food)
(!vuelo drone1 loc73 depot)
(!recoger drone1 brazo1 crate219 depot)
(!recoger drone1 brazo2 crate220 depot)
(!vuelo drone1 depot loc335)
(!entregar drone1 brazo1 crate219 person225 loc335 food)
(!vuelo drone1 loc335 loc103)
(!entregar drone1 brazo2 crate220 person226 loc103 food)
(!vuelo drone1 loc103 depot)
(!recoger drone1 brazo1 crate221 depot)
(!recoger drone1 brazo2 crate222 depot)
(!vuelo drone1 depot loc129)
(!entregar drone1 brazo1 crate221 person228 loc129 food)
(!vuelo drone1 loc129 loc26)
(!entregar drone1 brazo2 crate222 person229 loc26 food)
(!vuelo drone1 loc26 depot)
(!recoger drone1 brazo1 crate223 depot)
(!recoger drone1 brazo2 crate224 depot)
(!vuelo drone1 depot loc161)
(!entregar drone1 brazo1 crate223 person230 loc161 food)
(!vuelo drone1 loc161 loc322)
(!entregar drone1 brazo2 crate224 person231 loc322 food)
(!vuelo drone1 loc322 depot)
(!recoger drone1 brazo1 crate225 depot)
(!recoger drone1 brazo2 crate226 depot)
(!vuelo drone1 depot loc16)
(!entregar drone1 brazo1 crate225 person232 loc16 food)
(!vuelo drone1 loc16 loc107)
(!entregar drone1 brazo2 crate226 person233 loc107 food)
(!vuelo drone1 loc107 depot)
(!recoger drone1 brazo1 crate227 depot)
(!recoger drone1 brazo2 crate228 depot)
(!vuelo drone1 depot loc202)
(!entregar drone1 brazo1 crate227 person235 loc202 food)
(!vuelo drone1 loc202 loc337)
(!entregar drone1 brazo2 crate228 person236 loc337 food)
(!vuelo drone1 loc337 depot)
(!recoger drone1 brazo1 crate229 depot)
(!recoger drone1 brazo2 crate230 depot)
(!vuelo drone1 depot loc167)
(!entregar drone1 brazo1 crate229 person237 loc167 food)
(!vuelo drone1 loc167 loc328)
(!entregar drone1 brazo2 crate230 person238 loc328 food)
(!vuelo drone1 loc328 depot)
(!recoger drone1 brazo1 crate231 depot)
(!recoger drone1 brazo2 crate232 depot)
(!vuelo drone1 depot loc121)
(!entregar drone1 brazo1 crate231 person239 loc121 food)
(!vuelo drone1 loc121 loc76)
(!entregar drone1 brazo2 crate232 person240 loc76 food)
(!vuelo drone1 loc76 depot)
(!recoger drone1 brazo1 crate233 depot)
(!recoger drone1 brazo2 crate234 depot)
(!vuelo drone1 depot loc121)
(!entregar drone1 brazo1 crate233 person241 loc121 food)
(!vuelo drone1 loc121 loc2)
(!entregar drone1 brazo2 crate234 person242 loc2 food)
(!vuelo drone1 loc2 depot)
(!recoger drone1 brazo1 crate235 depot)
(!recoger drone1 brazo2 crate236 depot)
(!vuelo drone1 depot loc33)
(!entregar drone1 brazo1 crate235 person243 loc33 food)
(!vuelo drone1 loc33 loc2)
(!entregar drone1 brazo2 crate236 person244 loc2 food)
(!vuelo drone1 loc2 depot)
(!recoger drone1 brazo1 crate237 depot)
(!recoger drone1 brazo2 crate238 depot)
(!vuelo drone1 depot loc37)
(!entregar drone1 brazo1 crate237 person245 loc37 food)
(!vuelo drone1 loc37 loc299)
(!entregar drone1 brazo2 crate238 person246 loc299 food)
(!vuelo drone1 loc299 depot)
(!recoger drone1 brazo1 crate239 depot)
(!recoger drone1 brazo2 crate240 depot)
(!vuelo drone1 depot loc150)
(!entregar drone1 brazo1 crate239 person247 loc150 food)
(!vuelo drone1 loc150 loc119)
(!entregar drone1 brazo2 crate240 person248 loc119 food)
(!vuelo drone1 loc119 depot)
(!recoger drone1 brazo1 crate241 depot)
(!recoger drone1 brazo2 crate242 depot)
(!vuelo drone1 depot loc277)
(!entregar drone1 brazo1 crate241 person249 loc277 food)
(!vuelo drone1 loc277 loc166)
(!entregar drone1 brazo2 crate242 person250 loc166 food)
(!vuelo drone1 loc166 depot)
(!recoger drone1 brazo1 crate243 depot)
(!recoger drone1 brazo2 crate244 depot)
(!vuelo drone1 depot loc188)
(!entregar drone1 brazo1 crate243 person251 loc188 food)
(!vuelo drone1 loc188 loc240)
(!entregar drone1 brazo2 crate244 person252 loc240 food)
(!vuelo drone1 loc240 depot)
(!recoger drone1 brazo1 crate245 depot)
(!recoger drone1 brazo2 crate246 depot)
(!vuelo drone1 depot loc117)
(!entregar drone1 brazo1 crate245 person253 loc117 food)
(!vuelo drone1 loc117 loc37)
(!entregar drone1 brazo2 crate246 person254 loc37 food)
(!vuelo drone1 loc37 depot)
(!recoger drone1 brazo1 crate247 depot)
(!recoger drone1 brazo2 crate248 depot)
(!vuelo drone1 depot loc245)
(!entregar drone1 brazo1 crate247 person255 loc245 food)
(!vuelo drone1 loc245 loc61)
(!entregar drone1 brazo2 crate248 person256 loc61 food)
(!vuelo drone1 loc61 depot)
(!recoger drone1 brazo1 crate249 depot)
(!recoger drone1 brazo2 crate250 depot)
(!vuelo drone1 depot loc261)
(!entregar drone1 brazo1 crate249 person257 loc261 food)
(!vuelo drone1 loc261 loc216)
(!entregar drone1 brazo2 crate250 person258 loc216 food)
(!vuelo drone1 loc216 depot)
(!recoger drone1 brazo1 crate251 depot)
(!recoger drone1 brazo2 crate252 depot)
(!vuelo drone1 depot loc317)
(!entregar drone1 brazo1 crate251 person259 loc317 food)
(!vuelo drone1 loc317 loc218)
(!entregar drone1 brazo2 crate252 person260 loc218 food)
(!vuelo drone1 loc218 depot)
(!recoger drone1 brazo1 crate253 depot)
(!recoger drone1 brazo2 crate254 depot)
(!vuelo drone1 depot loc26)
(!entregar drone1 brazo1 crate253 person261 loc26 food)
(!vuelo drone1 loc26 loc65)
(!entregar drone1 brazo2 crate254 person262 loc65 food)
(!vuelo drone1 loc65 depot)
(!recoger drone1 brazo1 crate255 depot)
(!recoger drone1 brazo2 crate256 depot)
(!vuelo drone1 depot loc258)
(!entregar drone1 brazo1 crate255 person263 loc258 food)
(!vuelo drone1 loc258 loc28)
(!entregar drone1 brazo2 crate256 person264 loc28 food)
(!vuelo drone1 loc28 depot)
(!recoger drone1 brazo1 crate257 depot)
(!recoger drone1 brazo2 crate258 depot)
(!vuelo drone1 depot loc99)
(!entregar drone1 brazo1 crate257 person265 loc99 food)
(!vuelo drone1 loc99 loc92)
(!entregar drone1 brazo2 crate258 person266 loc92 food)
(!vuelo drone1 loc92 depot)
(!recoger drone1 brazo1 crate259 depot)
(!recoger drone1 brazo2 crate260 depot)
(!vuelo drone1 depot loc216)
(!entregar drone1 brazo1 crate259 person267 loc216 food)
(!vuelo drone1 loc216 loc49)
(!entregar drone1 brazo2 crate260 person268 loc49 food)
(!vuelo drone1 loc49 depot)
(!recoger drone1 brazo1 crate261 depot)
(!recoger drone1 brazo2 crate262 depot)
(!vuelo drone1 depot loc110)
(!entregar drone1 brazo1 crate261 person269 loc110 food)
(!vuelo drone1 loc110 loc237)
(!entregar drone1 brazo2 crate262 person270 loc237 food)
(!vuelo drone1 loc237 depot)
(!recoger drone1 brazo1 crate263 depot)
(!recoger drone1 brazo2 crate264 depot)
(!vuelo drone1 depot loc160)
(!entregar drone1 brazo1 crate263 person271 loc160 food)
(!vuelo drone1 loc160 loc23)
(!entregar drone1 brazo2 crate264 person272 loc23 food)
(!vuelo drone1 loc23 depot)
(!recoger drone1 brazo1 crate265 depot)
(!recoger drone1 brazo2 crate266 depot)
(!vuelo drone1 depot loc289)
(!entregar drone1 brazo1 crate265 person273 loc289 food)
(!vuelo drone1 loc289 loc227)
(!entregar drone1 brazo2 crate266 person274 loc227 food)
(!vuelo drone1 loc227 depot)
(!recoger drone1 brazo1 crate267 depot)
(!recoger drone1 brazo2 crate268 depot)
(!vuelo drone1 depot loc267)
(!entregar drone1 brazo1 crate267 person275 loc267 food)
(!vuelo drone1 loc267 loc87)
(!entregar drone1 brazo2 crate268 person276 loc87 food)
(!vuelo drone1 loc87 depot)
(!recoger drone1 brazo1 crate269 depot)
(!recoger drone1 brazo2 crate270 depot)
(!vuelo drone1 depot loc350)
(!entregar drone1 brazo1 crate269 person277 loc350 food)
(!vuelo drone1 loc350 loc115)
(!entregar drone1 brazo2 crate270 person278 loc115 food)
(!vuelo drone1 loc115 depot)
(!recoger drone1 brazo1 crate271 depot)
(!recoger drone1 brazo2 crate272 depot)
(!vuelo drone1 depot loc330)
(!entregar drone1 brazo1 crate271 person279 loc330 food)
(!vuelo drone1 loc330 loc79)
(!entregar drone1 brazo2 crate272 person280 loc79 food)
(!vuelo drone1 loc79 depot)
(!recoger drone1 brazo1 crate273 depot)
(!recoger drone1 brazo2 crate274 depot)
(!vuelo drone1 depot loc291)
(!entregar drone1 brazo1 crate273 person281 loc291 food)
(!vuelo drone1 loc291 loc218)
(!entregar drone1 brazo2 crate274 person282 loc218 food)
(!vuelo drone1 loc218 depot)
(!recoger drone1 brazo1 crate275 depot)
(!recoger drone1 brazo2 crate276 depot)
(!vuelo drone1 depot loc48)
(!entregar drone1 brazo1 crate275 person283 loc48 food)
(!vuelo drone1 loc48 loc218)
(!entregar drone1 brazo2 crate276 person285 loc218 food)
(!vuelo drone1 loc218 depot)
(!recoger drone1 brazo1 crate277 depot)
(!recoger drone1 brazo2 crate278 depot)
(!vuelo drone1 depot loc122)
(!entregar drone1 brazo1 crate277 person286 loc122 food)
(!vuelo drone1 loc122 loc139)
(!entregar drone1 brazo2 crate278 person287 loc139 food)
(!vuelo drone1 loc139 depot)
(!recoger drone1 brazo1 crate279 depot)
(!recoger drone1 brazo2 crate280 depot)
(!vuelo drone1 depot loc264)
(!entregar drone1 brazo1 crate279 person288 loc264 food)
(!vuelo drone1 loc264 loc305)
(!entregar drone1 brazo2 crate280 person289 loc305 food)
(!vuelo drone1 loc305 depot)
(!recoger drone1 brazo1 crate281 depot)
(!recoger drone1 brazo2 crate282 depot)
(!vuelo drone1 depot loc335)
(!entregar drone1 brazo1 crate281 person290 loc335 food)
(!vuelo drone1 loc335 loc169)
(!entregar drone1 brazo2 crate282 person291 loc169 food)
(!vuelo drone1 loc169 depot)
(!recoger drone1 brazo1 crate283 depot)
(!recoger drone1 brazo2 crate284 depot)
(!vuelo drone1 depot loc229)
(!entregar drone1 brazo1 crate283 person292 loc229 food)
(!vuelo drone1 loc229 loc321)
(!entregar drone1 brazo2 crate284 person293 loc321 food)
(!vuelo drone1 loc321 depot)
(!recoger drone1 brazo1 crate285 depot)
(!recoger drone1 brazo2 crate286 depot)
(!vuelo drone1 depot loc80)
(!entregar drone1 brazo1 crate285 person294 loc80 food)
(!vuelo drone1 loc80 loc186)
(!entregar drone1 brazo2 crate286 person295 loc186 food)
(!vuelo drone1 loc186 depot)
(!recoger drone1 brazo1 crate287 depot)
(!recoger drone1 brazo2 crate288 depot)
(!vuelo drone1 depot loc110)
(!entregar drone1 brazo1 crate287 person296 loc110 food)
(!vuelo drone1 loc110 loc103)
(!entregar drone1 brazo2 crate288 person297 loc103 food)
(!vuelo drone1 loc103 depot)
(!recoger drone1 brazo1 crate289 depot)
(!recoger drone1 brazo2 crate290 depot)
(!vuelo drone1 depot loc130)
(!entregar drone1 brazo1 crate289 person298 loc130 food)
(!vuelo drone1 loc130 loc57)
(!entregar drone1 brazo2 crate290 person299 loc57 food)
(!vuelo drone1 loc57 depot)
(!recoger drone1 brazo1 crate291 depot)
(!recoger drone1 brazo2 crate292 depot)
(!vuelo drone1 depot loc11)
(!entregar drone1 brazo1 crate291 person300 loc11 food)
(!vuelo drone1 loc11 loc300)
(!entregar drone1 brazo2 crate292 person301 loc300 food)
(!vuelo drone1 loc300 depot)
(!recoger drone1 brazo1 crate293 depot)
(!recoger drone1 brazo2 crate294 depot)
(!vuelo drone1 depot loc300)
(!entregar drone1 brazo1 crate293 person302 loc300 food)
(!vuelo drone1 loc300 loc182)
(!entregar drone1 brazo2 crate294 person303 loc182 food)
(!vuelo drone1 loc182 depot)
(!recoger drone1 brazo1 crate295 depot)
(!recoger drone1 brazo2 crate296 depot)
(!vuelo drone1 depot loc267)
(!entregar drone1 brazo1 crate295 person304 loc267 food)
(!vuelo drone1 loc267 loc110)
(!entregar drone1 brazo2 crate296 person305 loc110 food)
(!vuelo drone1 loc110 depot)
(!recoger drone1 brazo1 crate297 depot)
(!recoger drone1 brazo2 crate298 depot)
(!vuelo drone1 depot loc311)
(!entregar drone1 brazo1 crate297 person306 loc311 food)
(!vuelo drone1 loc311 loc327)
(!entregar drone1 brazo2 crate298 person307 loc327 food)
(!vuelo drone1 loc327 depot)
(!recoger drone1 brazo1 crate299 depot)
(!recoger drone1 brazo2 crate300 depot)
(!vuelo drone1 depot loc242)
(!entregar drone1 brazo1 crate299 person308 loc242 food)
(!vuelo drone1 loc242 loc224)
(!entregar drone1 brazo2 crate300 person309 loc224 food)
(!vuelo drone1 loc224 depot)
(!recoger drone1 brazo1 crate301 depot)
(!recoger drone1 brazo2 crate302 depot)
(!vuelo drone1 depot loc275)
(!entregar drone1 brazo1 crate301 person310 loc275 food)
(!vuelo drone1 loc275 loc291)
(!entregar drone1 brazo2 crate302 person311 loc291 food)
(!vuelo drone1 loc291 depot)
(!recoger drone1 brazo1 crate303 depot)
(!recoger drone1 brazo2 crate304 depot)
(!vuelo drone1 depot loc339)
(!entregar drone1 brazo1 crate303 person312 loc339 food)
(!vuelo drone1 loc339 loc46)
(!entregar drone1 brazo2 crate304 person313 loc46 food)
(!vuelo drone1 loc46 depot)
(!recoger drone1 brazo1 crate305 depot)
(!recoger drone1 brazo2 crate306 depot)
(!vuelo drone1 depot loc114)
(!entregar drone1 brazo1 crate305 person314 loc114 food)
(!vuelo drone1 loc114 loc285)
(!entregar drone1 brazo2 crate306 person315 loc285 food)
(!vuelo drone1 loc285 depot)
(!recoger drone1 brazo1 crate307 depot)
(!recoger drone1 brazo2 crate308 depot)
(!vuelo drone1 depot loc274)
(!entregar drone1 brazo1 crate307 person316 loc274 food)
(!vuelo drone1 loc274 loc292)
(!entregar drone1 brazo2 crate308 person317 loc292 food)
(!vuelo drone1 loc292 depot)
(!recoger drone1 brazo1 crate309 depot)
(!recoger drone1 brazo2 crate310 depot)
(!vuelo drone1 depot loc159)
(!entregar drone1 brazo1 crate309 person318 loc159 food)
(!vuelo drone1 loc159 loc72)
(!entregar drone1 brazo2 crate310 person319 loc72 food)
(!vuelo drone1 loc72 depot)
(!recoger drone1 brazo1 crate311 depot)
(!recoger drone1 brazo2 crate312 depot)
(!vuelo drone1 depot loc302)
(!entregar drone1 brazo1 crate311 person320 loc302 food)
(!vuelo drone1 loc302 loc101)
(!entregar drone1 brazo2 crate312 person321 loc101 food)
(!vuelo drone1 loc101 depot)
(!recoger drone1 brazo1 crate313 depot)
(!recoger drone1 brazo2 crate314 depot)
(!vuelo drone1 depot loc147)
(!entregar drone1 brazo1 crate313 person323 loc147 food)
(!vuelo drone1 loc147 loc241)
(!entregar drone1 brazo2 crate314 person324 loc241 food)
(!vuelo drone1 loc241 depot)
(!recoger drone1 brazo1 crate315 depot)
(!recoger drone1 brazo2 crate316 depot)
(!vuelo drone1 depot loc181)
(!entregar drone1 brazo1 crate315 person325 loc181 food)
(!vuelo drone1 loc181 loc52)
(!entregar drone1 brazo2 crate316 person326 loc52 food)
(!vuelo drone1 loc52 depot)
(!recoger drone1 brazo1 crate317 depot)
(!recoger drone1 brazo2 crate318 depot)
(!vuelo drone1 depot loc95)
(!entregar drone1 brazo1 crate317 person327 loc95 food)
(!vuelo drone1 loc95 loc39)
(!entregar drone1 brazo2 crate318 person328 loc39 food)
(!vuelo drone1 loc39 depot)
(!recoger drone1 brazo1 crate319 depot)
(!recoger drone1 brazo2 crate320 depot)
(!vuelo drone1 depot loc56)
(!entregar drone1 brazo1 crate319 person329 loc56 food)
(!vuelo drone1 loc56 loc44)
(!entregar drone1 brazo2 crate320 person330 loc44 food)
(!vuelo drone1 loc44 depot)
(!recoger drone1 brazo1 crate321 depot)
(!recoger drone1 brazo2 crate322 depot)
(!vuelo drone1 depot loc270)
(!entregar drone1 brazo1 crate321 person331 loc270 food)
(!vuelo drone1 loc270 loc210)
(!entregar drone1 brazo2 crate322 person332 loc210 food)
(!vuelo drone1 loc210 depot)
(!recoger drone1 brazo1 crate323 depot)
(!recoger drone1 brazo2 crate324 depot)
(!vuelo drone1 depot loc4)
(!entregar drone1 brazo1 crate323 person333 loc4 food)
(!vuelo drone1 loc4 loc280)
(!entregar drone1 brazo2 crate324 person334 loc280 food)
(!vuelo drone1 loc280 depot)
(!recoger drone1 brazo1 crate325 depot)
(!recoger drone1 brazo2 crate326 depot)
(!vuelo drone1 depot loc117)
(!entregar drone1 brazo1 crate325 person335 loc117 food)
(!vuelo drone1 loc117 loc270)
(!entregar drone1 brazo2 crate326 person336 loc270 food)
(!vuelo drone1 loc270 depot)
(!recoger drone1 brazo1 crate327 depot)
(!recoger drone1 brazo2 crate328 depot)
(!vuelo drone1 depot loc216)
(!entregar drone1 brazo1 crate327 person337 loc216 food)
(!vuelo drone1 loc216 loc10)
(!entregar drone1 brazo2 crate328 person338 loc10 food)
(!vuelo drone1 loc10 depot)
(!recoger drone1 brazo1 crate329 depot)
(!recoger drone1 brazo2 crate330 depot)
(!vuelo drone1 depot loc98)
(!entregar drone1 brazo1 crate329 person339 loc98 food)
(!vuelo drone1 loc98 loc236)
(!entregar drone1 brazo2 crate330 person340 loc236 food)
(!vuelo drone1 loc236 depot)
(!recoger drone1 brazo1 crate331 depot)
(!recoger drone1 brazo2 crate332 depot)
(!vuelo drone1 depot loc68)
(!entregar drone1 brazo1 crate331 person341 loc68 food)
(!vuelo drone1 loc68 loc171)
(!entregar drone1 brazo2 crate332 person342 loc171 food)
(!vuelo drone1 loc171 depot)
(!recoger drone1 brazo1 crate333 depot)
(!recoger drone1 brazo2 crate334 depot)
(!vuelo drone1 depot loc154)
(!entregar drone1 brazo1 crate333 person343 loc154 food)
(!vuelo drone1 loc154 loc118)
(!entregar drone1 brazo2 crate334 person344 loc118 food)
(!vuelo drone1 loc118 depot)
(!recoger drone1 brazo1 crate335 depot)
(!recoger drone1 brazo2 crate336 depot)
(!vuelo drone1 depot loc98)
(!entregar drone1 brazo1 crate335 person345 loc98 food)
(!vuelo drone1 loc98 loc108)
(!entregar drone1 brazo2 crate336 person346 loc108 food)
(!vuelo drone1 loc108 depot)
(!recoger drone1 brazo1 crate337 depot)
(!recoger drone1 brazo2 crate338 depot)
(!vuelo drone1 depot loc70)
(!entregar drone1 brazo1 crate337 person347 loc70 food)
(!vuelo drone1 loc70 loc268)
(!entregar drone1 brazo2 crate338 person348 loc268 food)
(!vuelo drone1 loc268 depot)
(!recoger drone1 brazo1 crate339 depot)
(!recoger drone1 brazo2 crate340 depot)
(!vuelo drone1 depot loc17)
(!entregar drone1 brazo1 crate339 person349 loc17 food)
(!vuelo drone1 loc17 loc341)
(!entregar drone1 brazo2 crate340 person350 loc341 food)
(!vuelo drone1 loc341 depot)
(!recoger drone1 brazo1 crate341 depot)
(!recoger drone1 brazo2 crate342 depot)
(!vuelo drone1 depot loc265)
(!entregar drone1 brazo1 crate341 person39 loc265 medicine)
(!vuelo drone1 loc265 loc254)
(!entregar drone1 brazo2 crate342 person63 loc254 medicine)
(!vuelo drone1 loc254 depot)
(!recoger drone1 brazo1 crate343 depot)
(!recoger drone1 brazo2 crate344 depot)
(!vuelo drone1 depot loc331)
(!entregar drone1 brazo1 crate343 person97 loc331 medicine)
(!vuelo drone1 loc331 loc176)
(!entregar drone1 brazo2 crate344 person111 loc176 medicine)
(!vuelo drone1 loc176 depot)
(!recoger drone1 brazo1 crate345 depot)
(!recoger drone1 brazo2 crate346 depot)
(!vuelo drone1 depot loc31)
(!entregar drone1 brazo1 crate345 person129 loc31 medicine)
(!vuelo drone1 loc31 loc166)
(!entregar drone1 brazo2 crate346 person136 loc166 medicine)
(!vuelo drone1 loc166 depot)
(!recoger drone1 brazo1 crate347 depot)
(!recoger drone1 brazo2 crate348 depot)
(!vuelo drone1 depot loc49)
(!entregar drone1 brazo1 crate347 person268 loc49 medicine)
(!vuelo drone1 loc49 loc291)
(!entregar drone1 brazo2 crate348 person281 loc291 medicine)
(!vuelo drone1 loc291 depot)
(!recoger drone1 brazo1 crate349 depot)
(!recoger drone1 brazo2 crate350 depot)
(!vuelo drone1 depot loc169)
(!entregar drone1 brazo1 crate349 person291 loc169 medicine)
(!vuelo drone1 loc169 loc341)
(!entregar drone1 brazo2 crate350 person350 loc341 medicine)
--------------------

Time Used = 2.266

