/home/andrea/JSHOP2/jshop2-console/JSHOP2.jar:/home/andrea/JSHOP2/jshop2-console/antlr.jar:.

1 plan(s) were found:

Plan #1:
Plan cost: 698.0

(!recoger drone1 brazo1 crate1 depot)
(!recoger drone1 brazo2 crate2 depot)
(!vuelo drone1 depot loc161)
(!entregar drone1 brazo1 crate1 person7 loc161 food)
(!vuelo drone1 loc161 loc53)
(!entregar drone1 brazo2 crate2 person25 loc53 food)
(!vuelo drone1 loc53 depot)
(!recoger drone1 brazo1 crate3 depot)
(!recoger drone1 brazo2 crate4 depot)
(!vuelo drone1 depot loc153)
(!entregar drone1 brazo1 crate3 person36 loc153 food)
(!vuelo drone1 loc153 loc75)
(!entregar drone1 brazo2 crate4 person39 loc75 food)
(!vuelo drone1 loc75 depot)
(!recoger drone1 brazo1 crate5 depot)
(!recoger drone1 brazo2 crate6 depot)
(!vuelo drone1 depot loc99)
(!entregar drone1 brazo1 crate5 person48 loc99 food)
(!vuelo drone1 loc99 loc8)
(!entregar drone1 brazo2 crate6 person60 loc8 food)
(!vuelo drone1 loc8 depot)
(!recoger drone1 brazo1 crate7 depot)
(!recoger drone1 brazo2 crate8 depot)
(!vuelo drone1 depot loc113)
(!entregar drone1 brazo1 crate7 person77 loc113 food)
(!vuelo drone1 loc113 loc172)
(!entregar drone1 brazo2 crate8 person87 loc172 food)
(!vuelo drone1 loc172 depot)
(!recoger drone1 brazo1 crate9 depot)
(!recoger drone1 brazo2 crate10 depot)
(!vuelo drone1 depot loc44)
(!entregar drone1 brazo1 crate9 person113 loc44 food)
(!vuelo drone1 loc44 loc194)
(!entregar drone1 brazo2 crate10 person114 loc194 food)
(!vuelo drone1 loc194 depot)
(!recoger drone1 brazo1 crate11 depot)
(!recoger drone1 brazo2 crate12 depot)
(!vuelo drone1 depot loc153)
(!entregar drone1 brazo1 crate11 person128 loc153 food)
(!vuelo drone1 loc153 loc59)
(!entregar drone1 brazo2 crate12 person139 loc59 food)
(!vuelo drone1 loc59 depot)
(!recoger drone1 brazo1 crate13 depot)
(!recoger drone1 brazo2 crate14 depot)
(!vuelo drone1 depot loc127)
(!entregar drone1 brazo1 crate13 person148 loc127 food)
(!vuelo drone1 loc127 loc71)
(!entregar drone1 brazo2 crate14 person152 loc71 food)
(!vuelo drone1 loc71 depot)
(!recoger drone1 brazo1 crate15 depot)
(!recoger drone1 brazo2 crate16 depot)
(!vuelo drone1 depot loc173)
(!entregar drone1 brazo1 crate15 person157 loc173 food)
(!vuelo drone1 loc173 loc25)
(!entregar drone1 brazo2 crate16 person158 loc25 food)
(!vuelo drone1 loc25 depot)
(!recoger drone1 brazo1 crate17 depot)
(!recoger drone1 brazo2 crate18 depot)
(!vuelo drone1 depot loc164)
(!entregar drone1 brazo1 crate17 person161 loc164 food)
(!vuelo drone1 loc164 loc45)
(!entregar drone1 brazo2 crate18 person183 loc45 food)
(!vuelo drone1 loc45 depot)
(!recoger drone1 brazo1 crate19 depot)
(!recoger drone1 brazo2 crate20 depot)
(!vuelo drone1 depot loc168)
(!entregar drone1 brazo1 crate19 person185 loc168 food)
(!vuelo drone1 loc168 loc83)
(!entregar drone1 brazo2 crate20 person187 loc83 food)
(!vuelo drone1 loc83 depot)
(!recoger drone1 brazo1 crate21 depot)
(!recoger drone1 brazo2 crate22 depot)
(!vuelo drone1 depot loc171)
(!entregar drone1 brazo1 crate21 person189 loc171 food)
(!vuelo drone1 loc171 loc129)
(!entregar drone1 brazo2 crate22 person1 loc129 medicine)
(!vuelo drone1 loc129 depot)
(!recoger drone1 brazo1 crate23 depot)
(!recoger drone1 brazo2 crate24 depot)
(!vuelo drone1 depot loc47)
(!entregar drone1 brazo1 crate23 person2 loc47 medicine)
(!vuelo drone1 loc47 loc9)
(!entregar drone1 brazo2 crate24 person3 loc9 medicine)
(!vuelo drone1 loc9 depot)
(!recoger drone1 brazo1 crate25 depot)
(!recoger drone1 brazo2 crate26 depot)
(!vuelo drone1 depot loc128)
(!entregar drone1 brazo1 crate25 person4 loc128 medicine)
(!vuelo drone1 loc128 loc56)
(!entregar drone1 brazo2 crate26 person5 loc56 medicine)
(!vuelo drone1 loc56 depot)
(!recoger drone1 brazo1 crate27 depot)
(!recoger drone1 brazo2 crate28 depot)
(!vuelo drone1 depot loc12)
(!entregar drone1 brazo1 crate27 person6 loc12 medicine)
(!vuelo drone1 loc12 loc161)
(!entregar drone1 brazo2 crate28 person7 loc161 medicine)
(!vuelo drone1 loc161 depot)
(!recoger drone1 brazo1 crate29 depot)
(!recoger drone1 brazo2 crate30 depot)
(!vuelo drone1 depot loc12)
(!entregar drone1 brazo1 crate29 person8 loc12 medicine)
(!vuelo drone1 loc12 loc66)
(!entregar drone1 brazo2 crate30 person9 loc66 medicine)
(!vuelo drone1 loc66 depot)
(!recoger drone1 brazo1 crate31 depot)
(!recoger drone1 brazo2 crate32 depot)
(!vuelo drone1 depot loc131)
(!entregar drone1 brazo1 crate31 person11 loc131 medicine)
(!vuelo drone1 loc131 loc94)
(!entregar drone1 brazo2 crate32 person13 loc94 medicine)
(!vuelo drone1 loc94 depot)
(!recoger drone1 brazo1 crate33 depot)
(!recoger drone1 brazo2 crate34 depot)
(!vuelo drone1 depot loc118)
(!entregar drone1 brazo1 crate33 person14 loc118 medicine)
(!vuelo drone1 loc118 loc189)
(!entregar drone1 brazo2 crate34 person15 loc189 medicine)
(!vuelo drone1 loc189 depot)
(!recoger drone1 brazo1 crate35 depot)
(!recoger drone1 brazo2 crate36 depot)
(!vuelo drone1 depot loc164)
(!entregar drone1 brazo1 crate35 person16 loc164 medicine)
(!vuelo drone1 loc164 loc33)
(!entregar drone1 brazo2 crate36 person17 loc33 medicine)
(!vuelo drone1 loc33 depot)
(!recoger drone1 brazo1 crate37 depot)
(!recoger drone1 brazo2 crate38 depot)
(!vuelo drone1 depot loc154)
(!entregar drone1 brazo1 crate37 person18 loc154 medicine)
(!vuelo drone1 loc154 loc65)
(!entregar drone1 brazo2 crate38 person19 loc65 medicine)
(!vuelo drone1 loc65 depot)
(!recoger drone1 brazo1 crate39 depot)
(!recoger drone1 brazo2 crate40 depot)
(!vuelo drone1 depot loc168)
(!entregar drone1 brazo1 crate39 person20 loc168 medicine)
(!vuelo drone1 loc168 loc171)
(!entregar drone1 brazo2 crate40 person21 loc171 medicine)
(!vuelo drone1 loc171 depot)
(!recoger drone1 brazo1 crate41 depot)
(!recoger drone1 brazo2 crate42 depot)
(!vuelo drone1 depot loc30)
(!entregar drone1 brazo1 crate41 person22 loc30 medicine)
(!vuelo drone1 loc30 loc71)
(!entregar drone1 brazo2 crate42 person23 loc71 medicine)
(!vuelo drone1 loc71 depot)
(!recoger drone1 brazo1 crate43 depot)
(!recoger drone1 brazo2 crate44 depot)
(!vuelo drone1 depot loc163)
(!entregar drone1 brazo1 crate43 person24 loc163 medicine)
(!vuelo drone1 loc163 loc53)
(!entregar drone1 brazo2 crate44 person25 loc53 medicine)
(!vuelo drone1 loc53 depot)
(!recoger drone1 brazo1 crate45 depot)
(!recoger drone1 brazo2 crate46 depot)
(!vuelo drone1 depot loc92)
(!entregar drone1 brazo1 crate45 person26 loc92 medicine)
(!vuelo drone1 loc92 loc200)
(!entregar drone1 brazo2 crate46 person27 loc200 medicine)
(!vuelo drone1 loc200 depot)
(!recoger drone1 brazo1 crate47 depot)
(!recoger drone1 brazo2 crate48 depot)
(!vuelo drone1 depot loc112)
(!entregar drone1 brazo1 crate47 person28 loc112 medicine)
(!vuelo drone1 loc112 loc118)
(!entregar drone1 brazo2 crate48 person29 loc118 medicine)
(!vuelo drone1 loc118 depot)
(!recoger drone1 brazo1 crate49 depot)
(!recoger drone1 brazo2 crate50 depot)
(!vuelo drone1 depot loc149)
(!entregar drone1 brazo1 crate49 person30 loc149 medicine)
(!vuelo drone1 loc149 loc157)
(!entregar drone1 brazo2 crate50 person31 loc157 medicine)
(!vuelo drone1 loc157 depot)
(!recoger drone1 brazo1 crate51 depot)
(!recoger drone1 brazo2 crate52 depot)
(!vuelo drone1 depot loc197)
(!entregar drone1 brazo1 crate51 person33 loc197 medicine)
(!vuelo drone1 loc197 loc72)
(!entregar drone1 brazo2 crate52 person34 loc72 medicine)
(!vuelo drone1 loc72 depot)
(!recoger drone1 brazo1 crate53 depot)
(!recoger drone1 brazo2 crate54 depot)
(!vuelo drone1 depot loc102)
(!entregar drone1 brazo1 crate53 person35 loc102 medicine)
(!vuelo drone1 loc102 loc153)
(!entregar drone1 brazo2 crate54 person36 loc153 medicine)
(!vuelo drone1 loc153 depot)
(!recoger drone1 brazo1 crate55 depot)
(!recoger drone1 brazo2 crate56 depot)
(!vuelo drone1 depot loc141)
(!entregar drone1 brazo1 crate55 person37 loc141 medicine)
(!vuelo drone1 loc141 loc106)
(!entregar drone1 brazo2 crate56 person38 loc106 medicine)
(!vuelo drone1 loc106 depot)
(!recoger drone1 brazo1 crate57 depot)
(!recoger drone1 brazo2 crate58 depot)
(!vuelo drone1 depot loc75)
(!entregar drone1 brazo1 crate57 person39 loc75 medicine)
(!vuelo drone1 loc75 loc99)
(!entregar drone1 brazo2 crate58 person40 loc99 medicine)
(!vuelo drone1 loc99 depot)
(!recoger drone1 brazo1 crate59 depot)
(!recoger drone1 brazo2 crate60 depot)
(!vuelo drone1 depot loc79)
(!entregar drone1 brazo1 crate59 person41 loc79 medicine)
(!vuelo drone1 loc79 loc191)
(!entregar drone1 brazo2 crate60 person42 loc191 medicine)
(!vuelo drone1 loc191 depot)
(!recoger drone1 brazo1 crate61 depot)
(!recoger drone1 brazo2 crate62 depot)
(!vuelo drone1 depot loc159)
(!entregar drone1 brazo1 crate61 person44 loc159 medicine)
(!vuelo drone1 loc159 loc75)
(!entregar drone1 brazo2 crate62 person45 loc75 medicine)
(!vuelo drone1 loc75 depot)
(!recoger drone1 brazo1 crate63 depot)
(!recoger drone1 brazo2 crate64 depot)
(!vuelo drone1 depot loc44)
(!entregar drone1 brazo1 crate63 person46 loc44 medicine)
(!vuelo drone1 loc44 loc185)
(!entregar drone1 brazo2 crate64 person47 loc185 medicine)
(!vuelo drone1 loc185 depot)
(!recoger drone1 brazo1 crate65 depot)
(!recoger drone1 brazo2 crate66 depot)
(!vuelo drone1 depot loc99)
(!entregar drone1 brazo1 crate65 person48 loc99 medicine)
(!vuelo drone1 loc99 loc133)
(!entregar drone1 brazo2 crate66 person49 loc133 medicine)
(!vuelo drone1 loc133 depot)
(!recoger drone1 brazo1 crate67 depot)
(!recoger drone1 brazo2 crate68 depot)
(!vuelo drone1 depot loc147)
(!entregar drone1 brazo1 crate67 person50 loc147 medicine)
(!vuelo drone1 loc147 loc183)
(!entregar drone1 brazo2 crate68 person51 loc183 medicine)
(!vuelo drone1 loc183 depot)
(!recoger drone1 brazo1 crate69 depot)
(!recoger drone1 brazo2 crate70 depot)
(!vuelo drone1 depot loc63)
(!entregar drone1 brazo1 crate69 person52 loc63 medicine)
(!vuelo drone1 loc63 loc70)
(!entregar drone1 brazo2 crate70 person53 loc70 medicine)
(!vuelo drone1 loc70 depot)
(!recoger drone1 brazo1 crate71 depot)
(!recoger drone1 brazo2 crate72 depot)
(!vuelo drone1 depot loc143)
(!entregar drone1 brazo1 crate71 person55 loc143 medicine)
(!vuelo drone1 loc143 loc137)
(!entregar drone1 brazo2 crate72 person56 loc137 medicine)
(!vuelo drone1 loc137 depot)
(!recoger drone1 brazo1 crate73 depot)
(!recoger drone1 brazo2 crate74 depot)
(!vuelo drone1 depot loc124)
(!entregar drone1 brazo1 crate73 person57 loc124 medicine)
(!vuelo drone1 loc124 loc193)
(!entregar drone1 brazo2 crate74 person58 loc193 medicine)
(!vuelo drone1 loc193 depot)
(!recoger drone1 brazo1 crate75 depot)
(!recoger drone1 brazo2 crate76 depot)
(!vuelo drone1 depot loc187)
(!entregar drone1 brazo1 crate75 person59 loc187 medicine)
(!vuelo drone1 loc187 loc8)
(!entregar drone1 brazo2 crate76 person60 loc8 medicine)
(!vuelo drone1 loc8 depot)
(!recoger drone1 brazo1 crate77 depot)
(!recoger drone1 brazo2 crate78 depot)
(!vuelo drone1 depot loc180)
(!entregar drone1 brazo1 crate77 person61 loc180 medicine)
(!vuelo drone1 loc180 loc168)
(!entregar drone1 brazo2 crate78 person62 loc168 medicine)
(!vuelo drone1 loc168 depot)
(!recoger drone1 brazo1 crate79 depot)
(!recoger drone1 brazo2 crate80 depot)
(!vuelo drone1 depot loc33)
(!entregar drone1 brazo1 crate79 person63 loc33 medicine)
(!vuelo drone1 loc33 loc80)
(!entregar drone1 brazo2 crate80 person65 loc80 medicine)
(!vuelo drone1 loc80 depot)
(!recoger drone1 brazo1 crate81 depot)
(!recoger drone1 brazo2 crate82 depot)
(!vuelo drone1 depot loc92)
(!entregar drone1 brazo1 crate81 person66 loc92 medicine)
(!vuelo drone1 loc92 loc85)
(!entregar drone1 brazo2 crate82 person67 loc85 medicine)
(!vuelo drone1 loc85 depot)
(!recoger drone1 brazo1 crate83 depot)
(!recoger drone1 brazo2 crate84 depot)
(!vuelo drone1 depot loc157)
(!entregar drone1 brazo1 crate83 person68 loc157 medicine)
(!vuelo drone1 loc157 loc55)
(!entregar drone1 brazo2 crate84 person69 loc55 medicine)
(!vuelo drone1 loc55 depot)
(!recoger drone1 brazo1 crate85 depot)
(!recoger drone1 brazo2 crate86 depot)
(!vuelo drone1 depot loc7)
(!entregar drone1 brazo1 crate85 person70 loc7 medicine)
(!vuelo drone1 loc7 loc24)
(!entregar drone1 brazo2 crate86 person71 loc24 medicine)
(!vuelo drone1 loc24 depot)
(!recoger drone1 brazo1 crate87 depot)
(!recoger drone1 brazo2 crate88 depot)
(!vuelo drone1 depot loc53)
(!entregar drone1 brazo1 crate87 person72 loc53 medicine)
(!vuelo drone1 loc53 loc96)
(!entregar drone1 brazo2 crate88 person75 loc96 medicine)
(!vuelo drone1 loc96 depot)
(!recoger drone1 brazo1 crate89 depot)
(!recoger drone1 brazo2 crate90 depot)
(!vuelo drone1 depot loc32)
(!entregar drone1 brazo1 crate89 person76 loc32 medicine)
(!vuelo drone1 loc32 loc113)
(!entregar drone1 brazo2 crate90 person77 loc113 medicine)
(!vuelo drone1 loc113 depot)
(!recoger drone1 brazo1 crate91 depot)
(!recoger drone1 brazo2 crate92 depot)
(!vuelo drone1 depot loc164)
(!entregar drone1 brazo1 crate91 person78 loc164 medicine)
(!vuelo drone1 loc164 loc21)
(!entregar drone1 brazo2 crate92 person79 loc21 medicine)
(!vuelo drone1 loc21 depot)
(!recoger drone1 brazo1 crate93 depot)
(!recoger drone1 brazo2 crate94 depot)
(!vuelo drone1 depot loc19)
(!entregar drone1 brazo1 crate93 person80 loc19 medicine)
(!vuelo drone1 loc19 loc70)
(!entregar drone1 brazo2 crate94 person81 loc70 medicine)
(!vuelo drone1 loc70 depot)
(!recoger drone1 brazo1 crate95 depot)
(!recoger drone1 brazo2 crate96 depot)
(!vuelo drone1 depot loc45)
(!entregar drone1 brazo1 crate95 person83 loc45 medicine)
(!vuelo drone1 loc45 loc10)
(!entregar drone1 brazo2 crate96 person84 loc10 medicine)
(!vuelo drone1 loc10 depot)
(!recoger drone1 brazo1 crate97 depot)
(!recoger drone1 brazo2 crate98 depot)
(!vuelo drone1 depot loc110)
(!entregar drone1 brazo1 crate97 person85 loc110 medicine)
(!vuelo drone1 loc110 loc50)
(!entregar drone1 brazo2 crate98 person86 loc50 medicine)
(!vuelo drone1 loc50 depot)
(!recoger drone1 brazo1 crate99 depot)
(!recoger drone1 brazo2 crate100 depot)
(!vuelo drone1 depot loc172)
(!entregar drone1 brazo1 crate99 person87 loc172 medicine)
(!vuelo drone1 loc172 loc28)
(!entregar drone1 brazo2 crate100 person88 loc28 medicine)
(!vuelo drone1 loc28 depot)
(!recoger drone1 brazo1 crate101 depot)
(!recoger drone1 brazo2 crate102 depot)
(!vuelo drone1 depot loc177)
(!entregar drone1 brazo1 crate101 person89 loc177 medicine)
(!vuelo drone1 loc177 loc179)
(!entregar drone1 brazo2 crate102 person90 loc179 medicine)
(!vuelo drone1 loc179 depot)
(!recoger drone1 brazo1 crate103 depot)
(!recoger drone1 brazo2 crate104 depot)
(!vuelo drone1 depot loc61)
(!entregar drone1 brazo1 crate103 person91 loc61 medicine)
(!vuelo drone1 loc61 loc95)
(!entregar drone1 brazo2 crate104 person92 loc95 medicine)
(!vuelo drone1 loc95 depot)
(!recoger drone1 brazo1 crate105 depot)
(!recoger drone1 brazo2 crate106 depot)
(!vuelo drone1 depot loc32)
(!entregar drone1 brazo1 crate105 person93 loc32 medicine)
(!vuelo drone1 loc32 loc119)
(!entregar drone1 brazo2 crate106 person94 loc119 medicine)
(!vuelo drone1 loc119 depot)
(!recoger drone1 brazo1 crate107 depot)
(!recoger drone1 brazo2 crate108 depot)
(!vuelo drone1 depot loc19)
(!entregar drone1 brazo1 crate107 person97 loc19 medicine)
(!vuelo drone1 loc19 loc59)
(!entregar drone1 brazo2 crate108 person99 loc59 medicine)
(!vuelo drone1 loc59 depot)
(!recoger drone1 brazo1 crate109 depot)
(!recoger drone1 brazo2 crate110 depot)
(!vuelo drone1 depot loc63)
(!entregar drone1 brazo1 crate109 person100 loc63 medicine)
(!vuelo drone1 loc63 loc71)
(!entregar drone1 brazo2 crate110 person101 loc71 medicine)
(!vuelo drone1 loc71 depot)
(!recoger drone1 brazo1 crate111 depot)
(!recoger drone1 brazo2 crate112 depot)
(!vuelo drone1 depot loc95)
(!entregar drone1 brazo1 crate111 person102 loc95 medicine)
(!vuelo drone1 loc95 loc11)
(!entregar drone1 brazo2 crate112 person103 loc11 medicine)
(!vuelo drone1 loc11 depot)
(!recoger drone1 brazo1 crate113 depot)
(!recoger drone1 brazo2 crate114 depot)
(!vuelo drone1 depot loc59)
(!entregar drone1 brazo1 crate113 person104 loc59 medicine)
(!vuelo drone1 loc59 loc111)
(!entregar drone1 brazo2 crate114 person105 loc111 medicine)
(!vuelo drone1 loc111 depot)
(!recoger drone1 brazo1 crate115 depot)
(!recoger drone1 brazo2 crate116 depot)
(!vuelo drone1 depot loc43)
(!entregar drone1 brazo1 crate115 person108 loc43 medicine)
(!vuelo drone1 loc43 loc11)
(!entregar drone1 brazo2 crate116 person109 loc11 medicine)
(!vuelo drone1 loc11 depot)
(!recoger drone1 brazo1 crate117 depot)
(!recoger drone1 brazo2 crate118 depot)
(!vuelo drone1 depot loc63)
(!entregar drone1 brazo1 crate117 person110 loc63 medicine)
(!vuelo drone1 loc63 loc35)
(!entregar drone1 brazo2 crate118 person111 loc35 medicine)
(!vuelo drone1 loc35 depot)
(!recoger drone1 brazo1 crate119 depot)
(!recoger drone1 brazo2 crate120 depot)
(!vuelo drone1 depot loc99)
(!entregar drone1 brazo1 crate119 person112 loc99 medicine)
(!vuelo drone1 loc99 loc44)
(!entregar drone1 brazo2 crate120 person113 loc44 medicine)
(!vuelo drone1 loc44 depot)
(!recoger drone1 brazo1 crate121 depot)
(!recoger drone1 brazo2 crate122 depot)
(!vuelo drone1 depot loc194)
(!entregar drone1 brazo1 crate121 person114 loc194 medicine)
(!vuelo drone1 loc194 loc109)
(!entregar drone1 brazo2 crate122 person115 loc109 medicine)
(!vuelo drone1 loc109 depot)
(!recoger drone1 brazo1 crate123 depot)
(!recoger drone1 brazo2 crate124 depot)
(!vuelo drone1 depot loc24)
(!entregar drone1 brazo1 crate123 person116 loc24 medicine)
(!vuelo drone1 loc24 loc32)
(!entregar drone1 brazo2 crate124 person117 loc32 medicine)
(!vuelo drone1 loc32 depot)
(!recoger drone1 brazo1 crate125 depot)
(!recoger drone1 brazo2 crate126 depot)
(!vuelo drone1 depot loc128)
(!entregar drone1 brazo1 crate125 person118 loc128 medicine)
(!vuelo drone1 loc128 loc91)
(!entregar drone1 brazo2 crate126 person119 loc91 medicine)
(!vuelo drone1 loc91 depot)
(!recoger drone1 brazo1 crate127 depot)
(!recoger drone1 brazo2 crate128 depot)
(!vuelo drone1 depot loc59)
(!entregar drone1 brazo1 crate127 person120 loc59 medicine)
(!vuelo drone1 loc59 loc160)
(!entregar drone1 brazo2 crate128 person122 loc160 medicine)
(!vuelo drone1 loc160 depot)
(!recoger drone1 brazo1 crate129 depot)
(!recoger drone1 brazo2 crate130 depot)
(!vuelo drone1 depot loc86)
(!entregar drone1 brazo1 crate129 person123 loc86 medicine)
(!vuelo drone1 loc86 loc81)
(!entregar drone1 brazo2 crate130 person124 loc81 medicine)
(!vuelo drone1 loc81 depot)
(!recoger drone1 brazo1 crate131 depot)
(!recoger drone1 brazo2 crate132 depot)
(!vuelo drone1 depot loc52)
(!entregar drone1 brazo1 crate131 person125 loc52 medicine)
(!vuelo drone1 loc52 loc15)
(!entregar drone1 brazo2 crate132 person127 loc15 medicine)
(!vuelo drone1 loc15 depot)
(!recoger drone1 brazo1 crate133 depot)
(!recoger drone1 brazo2 crate134 depot)
(!vuelo drone1 depot loc153)
(!entregar drone1 brazo1 crate133 person128 loc153 medicine)
(!vuelo drone1 loc153 loc198)
(!entregar drone1 brazo2 crate134 person129 loc198 medicine)
(!vuelo drone1 loc198 depot)
(!recoger drone1 brazo1 crate135 depot)
(!recoger drone1 brazo2 crate136 depot)
(!vuelo drone1 depot loc107)
(!entregar drone1 brazo1 crate135 person130 loc107 medicine)
(!vuelo drone1 loc107 loc129)
(!entregar drone1 brazo2 crate136 person131 loc129 medicine)
(!vuelo drone1 loc129 depot)
(!recoger drone1 brazo1 crate137 depot)
(!recoger drone1 brazo2 crate138 depot)
(!vuelo drone1 depot loc175)
(!entregar drone1 brazo1 crate137 person132 loc175 medicine)
(!vuelo drone1 loc175 loc29)
(!entregar drone1 brazo2 crate138 person133 loc29 medicine)
(!vuelo drone1 loc29 depot)
(!recoger drone1 brazo1 crate139 depot)
(!recoger drone1 brazo2 crate140 depot)
(!vuelo drone1 depot loc107)
(!entregar drone1 brazo1 crate139 person134 loc107 medicine)
(!vuelo drone1 loc107 loc139)
(!entregar drone1 brazo2 crate140 person136 loc139 medicine)
(!vuelo drone1 loc139 depot)
(!recoger drone1 brazo1 crate141 depot)
(!recoger drone1 brazo2 crate142 depot)
(!vuelo drone1 depot loc194)
(!entregar drone1 brazo1 crate141 person137 loc194 medicine)
(!vuelo drone1 loc194 loc134)
(!entregar drone1 brazo2 crate142 person138 loc134 medicine)
(!vuelo drone1 loc134 depot)
(!recoger drone1 brazo1 crate143 depot)
(!recoger drone1 brazo2 crate144 depot)
(!vuelo drone1 depot loc59)
(!entregar drone1 brazo1 crate143 person139 loc59 medicine)
(!vuelo drone1 loc59 loc16)
(!entregar drone1 brazo2 crate144 person140 loc16 medicine)
(!vuelo drone1 loc16 depot)
(!recoger drone1 brazo1 crate145 depot)
(!recoger drone1 brazo2 crate146 depot)
(!vuelo drone1 depot loc180)
(!entregar drone1 brazo1 crate145 person141 loc180 medicine)
(!vuelo drone1 loc180 loc118)
(!entregar drone1 brazo2 crate146 person142 loc118 medicine)
(!vuelo drone1 loc118 depot)
(!recoger drone1 brazo1 crate147 depot)
(!recoger drone1 brazo2 crate148 depot)
(!vuelo drone1 depot loc42)
(!entregar drone1 brazo1 crate147 person143 loc42 medicine)
(!vuelo drone1 loc42 loc198)
(!entregar drone1 brazo2 crate148 person144 loc198 medicine)
(!vuelo drone1 loc198 depot)
(!recoger drone1 brazo1 crate149 depot)
(!recoger drone1 brazo2 crate150 depot)
(!vuelo drone1 depot loc130)
(!entregar drone1 brazo1 crate149 person145 loc130 medicine)
(!vuelo drone1 loc130 loc167)
(!entregar drone1 brazo2 crate150 person146 loc167 medicine)
(!vuelo drone1 loc167 depot)
(!recoger drone1 brazo1 crate151 depot)
(!recoger drone1 brazo2 crate152 depot)
(!vuelo drone1 depot loc127)
(!entregar drone1 brazo1 crate151 person147 loc127 medicine)
(!entregar drone1 brazo2 crate152 person148 loc127 medicine)
(!vuelo drone1 loc127 depot)
(!recoger drone1 brazo1 crate153 depot)
(!recoger drone1 brazo2 crate154 depot)
(!vuelo drone1 depot loc66)
(!entregar drone1 brazo1 crate153 person149 loc66 medicine)
(!vuelo drone1 loc66 loc97)
(!entregar drone1 brazo2 crate154 person151 loc97 medicine)
(!vuelo drone1 loc97 depot)
(!recoger drone1 brazo1 crate155 depot)
(!recoger drone1 brazo2 crate156 depot)
(!vuelo drone1 depot loc71)
(!entregar drone1 brazo1 crate155 person152 loc71 medicine)
(!vuelo drone1 loc71 loc164)
(!entregar drone1 brazo2 crate156 person153 loc164 medicine)
(!vuelo drone1 loc164 depot)
(!recoger drone1 brazo1 crate157 depot)
(!recoger drone1 brazo2 crate158 depot)
(!vuelo drone1 depot loc150)
(!entregar drone1 brazo1 crate157 person154 loc150 medicine)
(!vuelo drone1 loc150 loc34)
(!entregar drone1 brazo2 crate158 person155 loc34 medicine)
(!vuelo drone1 loc34 depot)
(!recoger drone1 brazo1 crate159 depot)
(!recoger drone1 brazo2 crate160 depot)
(!vuelo drone1 depot loc108)
(!entregar drone1 brazo1 crate159 person156 loc108 medicine)
(!vuelo drone1 loc108 loc173)
(!entregar drone1 brazo2 crate160 person157 loc173 medicine)
(!vuelo drone1 loc173 depot)
(!recoger drone1 brazo1 crate161 depot)
(!recoger drone1 brazo2 crate162 depot)
(!vuelo drone1 depot loc25)
(!entregar drone1 brazo1 crate161 person158 loc25 medicine)
(!vuelo drone1 loc25 loc4)
(!entregar drone1 brazo2 crate162 person159 loc4 medicine)
(!vuelo drone1 loc4 depot)
(!recoger drone1 brazo1 crate163 depot)
(!recoger drone1 brazo2 crate164 depot)
(!vuelo drone1 depot loc115)
(!entregar drone1 brazo1 crate163 person160 loc115 medicine)
(!vuelo drone1 loc115 loc164)
(!entregar drone1 brazo2 crate164 person161 loc164 medicine)
(!vuelo drone1 loc164 depot)
(!recoger drone1 brazo1 crate165 depot)
(!recoger drone1 brazo2 crate166 depot)
(!vuelo drone1 depot loc110)
(!entregar drone1 brazo1 crate165 person162 loc110 medicine)
(!vuelo drone1 loc110 loc136)
(!entregar drone1 brazo2 crate166 person163 loc136 medicine)
(!vuelo drone1 loc136 depot)
(!recoger drone1 brazo1 crate167 depot)
(!recoger drone1 brazo2 crate168 depot)
(!vuelo drone1 depot loc182)
(!entregar drone1 brazo1 crate167 person165 loc182 medicine)
(!vuelo drone1 loc182 loc139)
(!entregar drone1 brazo2 crate168 person166 loc139 medicine)
(!vuelo drone1 loc139 depot)
(!recoger drone1 brazo1 crate169 depot)
(!recoger drone1 brazo2 crate170 depot)
(!vuelo drone1 depot loc194)
(!entregar drone1 brazo1 crate169 person167 loc194 medicine)
(!vuelo drone1 loc194 loc74)
(!entregar drone1 brazo2 crate170 person169 loc74 medicine)
(!vuelo drone1 loc74 depot)
(!recoger drone1 brazo1 crate171 depot)
(!recoger drone1 brazo2 crate172 depot)
(!vuelo drone1 depot loc142)
(!entregar drone1 brazo1 crate171 person170 loc142 medicine)
(!vuelo drone1 loc142 loc110)
(!entregar drone1 brazo2 crate172 person171 loc110 medicine)
(!vuelo drone1 loc110 depot)
(!recoger drone1 brazo1 crate173 depot)
(!recoger drone1 brazo2 crate174 depot)
(!vuelo drone1 depot loc91)
(!entregar drone1 brazo1 crate173 person172 loc91 medicine)
(!vuelo drone1 loc91 loc176)
(!entregar drone1 brazo2 crate174 person173 loc176 medicine)
(!vuelo drone1 loc176 depot)
(!recoger drone1 brazo1 crate175 depot)
(!recoger drone1 brazo2 crate176 depot)
(!vuelo drone1 depot loc162)
(!entregar drone1 brazo1 crate175 person174 loc162 medicine)
(!vuelo drone1 loc162 loc73)
(!entregar drone1 brazo2 crate176 person175 loc73 medicine)
(!vuelo drone1 loc73 depot)
(!recoger drone1 brazo1 crate177 depot)
(!recoger drone1 brazo2 crate178 depot)
(!vuelo drone1 depot loc156)
(!entregar drone1 brazo1 crate177 person176 loc156 medicine)
(!vuelo drone1 loc156 loc42)
(!entregar drone1 brazo2 crate178 person177 loc42 medicine)
(!vuelo drone1 loc42 depot)
(!recoger drone1 brazo1 crate179 depot)
(!recoger drone1 brazo2 crate180 depot)
(!vuelo drone1 depot loc8)
(!entregar drone1 brazo1 crate179 person178 loc8 medicine)
(!vuelo drone1 loc8 loc190)
(!entregar drone1 brazo2 crate180 person179 loc190 medicine)
(!vuelo drone1 loc190 depot)
(!recoger drone1 brazo1 crate181 depot)
(!recoger drone1 brazo2 crate182 depot)
(!vuelo drone1 depot loc196)
(!entregar drone1 brazo1 crate181 person180 loc196 medicine)
(!vuelo drone1 loc196 loc88)
(!entregar drone1 brazo2 crate182 person181 loc88 medicine)
(!vuelo drone1 loc88 depot)
(!recoger drone1 brazo1 crate183 depot)
(!recoger drone1 brazo2 crate184 depot)
(!vuelo drone1 depot loc175)
(!entregar drone1 brazo1 crate183 person182 loc175 medicine)
(!vuelo drone1 loc175 loc45)
(!entregar drone1 brazo2 crate184 person183 loc45 medicine)
(!vuelo drone1 loc45 depot)
(!recoger drone1 brazo1 crate185 depot)
(!recoger drone1 brazo2 crate186 depot)
(!vuelo drone1 depot loc30)
(!entregar drone1 brazo1 crate185 person184 loc30 medicine)
(!vuelo drone1 loc30 loc168)
(!entregar drone1 brazo2 crate186 person185 loc168 medicine)
(!vuelo drone1 loc168 depot)
(!recoger drone1 brazo1 crate187 depot)
(!recoger drone1 brazo2 crate188 depot)
(!vuelo drone1 depot loc60)
(!entregar drone1 brazo1 crate187 person186 loc60 medicine)
(!vuelo drone1 loc60 loc195)
(!entregar drone1 brazo2 crate188 person188 loc195 medicine)
(!vuelo drone1 loc195 depot)
(!recoger drone1 brazo1 crate189 depot)
(!recoger drone1 brazo2 crate190 depot)
(!vuelo drone1 depot loc171)
(!entregar drone1 brazo1 crate189 person189 loc171 medicine)
(!vuelo drone1 loc171 loc100)
(!entregar drone1 brazo2 crate190 person190 loc100 medicine)
(!vuelo drone1 loc100 depot)
(!recoger drone1 brazo1 crate191 depot)
(!recoger drone1 brazo2 crate192 depot)
(!vuelo drone1 depot loc109)
(!entregar drone1 brazo1 crate191 person191 loc109 medicine)
(!vuelo drone1 loc109 loc13)
(!entregar drone1 brazo2 crate192 person192 loc13 medicine)
(!vuelo drone1 loc13 depot)
(!recoger drone1 brazo1 crate193 depot)
(!recoger drone1 brazo2 crate194 depot)
(!vuelo drone1 depot loc65)
(!entregar drone1 brazo1 crate193 person193 loc65 medicine)
(!vuelo drone1 loc65 loc35)
(!entregar drone1 brazo2 crate194 person194 loc35 medicine)
(!vuelo drone1 loc35 depot)
(!recoger drone1 brazo1 crate195 depot)
(!recoger drone1 brazo2 crate196 depot)
(!vuelo drone1 depot loc25)
(!entregar drone1 brazo1 crate195 person195 loc25 medicine)
(!vuelo drone1 loc25 loc123)
(!entregar drone1 brazo2 crate196 person196 loc123 medicine)
(!vuelo drone1 loc123 depot)
(!recoger drone1 brazo1 crate197 depot)
(!recoger drone1 brazo2 crate198 depot)
(!vuelo drone1 depot loc76)
(!entregar drone1 brazo1 crate197 person197 loc76 medicine)
(!vuelo drone1 loc76 loc114)
(!entregar drone1 brazo2 crate198 person198 loc114 medicine)
(!vuelo drone1 loc114 depot)
(!recoger drone1 brazo1 crate199 depot)
(!recoger drone1 brazo2 crate200 depot)
(!vuelo drone1 depot loc9)
(!entregar drone1 brazo1 crate199 person199 loc9 medicine)
(!vuelo drone1 loc9 loc19)
(!entregar drone1 brazo2 crate200 person200 loc19 medicine)
--------------------

Time Used = 0.447

