/home/andrea/JSHOP2/jshop2-console/JSHOP2.jar:/home/andrea/JSHOP2/jshop2-console/antlr.jar:.

1 plan(s) were found:

Plan #1:
Plan cost: 1049.0

(!recoger drone1 brazo1 crate1 depot)
(!recoger drone1 brazo2 crate2 depot)
(!vuelo drone1 depot loc40)
(!entregar drone1 brazo1 crate1 person1 loc40 food)
(!vuelo drone1 loc40 loc28)
(!entregar drone1 brazo2 crate2 person3 loc28 food)
(!vuelo drone1 loc28 depot)
(!recoger drone1 brazo1 crate3 depot)
(!recoger drone1 brazo2 crate4 depot)
(!vuelo drone1 depot loc153)
(!entregar drone1 brazo1 crate3 person4 loc153 food)
(!vuelo drone1 loc153 loc283)
(!entregar drone1 brazo2 crate4 person5 loc283 food)
(!vuelo drone1 loc283 depot)
(!recoger drone1 brazo1 crate5 depot)
(!recoger drone1 brazo2 crate6 depot)
(!vuelo drone1 depot loc139)
(!entregar drone1 brazo1 crate5 person6 loc139 food)
(!vuelo drone1 loc139 loc88)
(!entregar drone1 brazo2 crate6 person9 loc88 food)
(!vuelo drone1 loc88 depot)
(!recoger drone1 brazo1 crate7 depot)
(!recoger drone1 brazo2 crate8 depot)
(!vuelo drone1 depot loc95)
(!entregar drone1 brazo1 crate7 person10 loc95 food)
(!vuelo drone1 loc95 loc42)
(!entregar drone1 brazo2 crate8 person12 loc42 food)
(!vuelo drone1 loc42 depot)
(!recoger drone1 brazo1 crate9 depot)
(!recoger drone1 brazo2 crate10 depot)
(!vuelo drone1 depot loc125)
(!entregar drone1 brazo1 crate9 person13 loc125 food)
(!vuelo drone1 loc125 loc86)
(!entregar drone1 brazo2 crate10 person14 loc86 food)
(!vuelo drone1 loc86 depot)
(!recoger drone1 brazo1 crate11 depot)
(!recoger drone1 brazo2 crate12 depot)
(!vuelo drone1 depot loc50)
(!entregar drone1 brazo1 crate11 person15 loc50 food)
(!vuelo drone1 loc50 loc151)
(!entregar drone1 brazo2 crate12 person16 loc151 food)
(!vuelo drone1 loc151 depot)
(!recoger drone1 brazo1 crate13 depot)
(!recoger drone1 brazo2 crate14 depot)
(!vuelo drone1 depot loc291)
(!entregar drone1 brazo1 crate13 person17 loc291 food)
(!vuelo drone1 loc291 loc242)
(!entregar drone1 brazo2 crate14 person18 loc242 food)
(!vuelo drone1 loc242 depot)
(!recoger drone1 brazo1 crate15 depot)
(!recoger drone1 brazo2 crate16 depot)
(!vuelo drone1 depot loc260)
(!entregar drone1 brazo1 crate15 person21 loc260 food)
(!vuelo drone1 loc260 loc279)
(!entregar drone1 brazo2 crate16 person22 loc279 food)
(!vuelo drone1 loc279 depot)
(!recoger drone1 brazo1 crate17 depot)
(!recoger drone1 brazo2 crate18 depot)
(!vuelo drone1 depot loc173)
(!entregar drone1 brazo1 crate17 person23 loc173 food)
(!vuelo drone1 loc173 loc184)
(!entregar drone1 brazo2 crate18 person24 loc184 food)
(!vuelo drone1 loc184 depot)
(!recoger drone1 brazo1 crate19 depot)
(!recoger drone1 brazo2 crate20 depot)
(!vuelo drone1 depot loc25)
(!entregar drone1 brazo1 crate19 person25 loc25 food)
(!vuelo drone1 loc25 loc222)
(!entregar drone1 brazo2 crate20 person27 loc222 food)
(!vuelo drone1 loc222 depot)
(!recoger drone1 brazo1 crate21 depot)
(!recoger drone1 brazo2 crate22 depot)
(!vuelo drone1 depot loc230)
(!entregar drone1 brazo1 crate21 person28 loc230 food)
(!vuelo drone1 loc230 loc75)
(!entregar drone1 brazo2 crate22 person29 loc75 food)
(!vuelo drone1 loc75 depot)
(!recoger drone1 brazo1 crate23 depot)
(!recoger drone1 brazo2 crate24 depot)
(!vuelo drone1 depot loc117)
(!entregar drone1 brazo1 crate23 person30 loc117 food)
(!vuelo drone1 loc117 loc103)
(!entregar drone1 brazo2 crate24 person31 loc103 food)
(!vuelo drone1 loc103 depot)
(!recoger drone1 brazo1 crate25 depot)
(!recoger drone1 brazo2 crate26 depot)
(!vuelo drone1 depot loc247)
(!entregar drone1 brazo1 crate25 person32 loc247 food)
(!vuelo drone1 loc247 loc104)
(!entregar drone1 brazo2 crate26 person33 loc104 food)
(!vuelo drone1 loc104 depot)
(!recoger drone1 brazo1 crate27 depot)
(!recoger drone1 brazo2 crate28 depot)
(!vuelo drone1 depot loc298)
(!entregar drone1 brazo1 crate27 person34 loc298 food)
(!vuelo drone1 loc298 loc233)
(!entregar drone1 brazo2 crate28 person35 loc233 food)
(!vuelo drone1 loc233 depot)
(!recoger drone1 brazo1 crate29 depot)
(!recoger drone1 brazo2 crate30 depot)
(!vuelo drone1 depot loc4)
(!entregar drone1 brazo1 crate29 person37 loc4 food)
(!vuelo drone1 loc4 loc179)
(!entregar drone1 brazo2 crate30 person38 loc179 food)
(!vuelo drone1 loc179 depot)
(!recoger drone1 brazo1 crate31 depot)
(!recoger drone1 brazo2 crate32 depot)
(!vuelo drone1 depot loc56)
(!entregar drone1 brazo1 crate31 person40 loc56 food)
(!vuelo drone1 loc56 loc222)
(!entregar drone1 brazo2 crate32 person41 loc222 food)
(!vuelo drone1 loc222 depot)
(!recoger drone1 brazo1 crate33 depot)
(!recoger drone1 brazo2 crate34 depot)
(!vuelo drone1 depot loc107)
(!entregar drone1 brazo1 crate33 person42 loc107 food)
(!vuelo drone1 loc107 loc56)
(!entregar drone1 brazo2 crate34 person43 loc56 food)
(!vuelo drone1 loc56 depot)
(!recoger drone1 brazo1 crate35 depot)
(!recoger drone1 brazo2 crate36 depot)
(!vuelo drone1 depot loc114)
(!entregar drone1 brazo1 crate35 person44 loc114 food)
(!vuelo drone1 loc114 loc4)
(!entregar drone1 brazo2 crate36 person45 loc4 food)
(!vuelo drone1 loc4 depot)
(!recoger drone1 brazo1 crate37 depot)
(!recoger drone1 brazo2 crate38 depot)
(!vuelo drone1 depot loc41)
(!entregar drone1 brazo1 crate37 person47 loc41 food)
(!vuelo drone1 loc41 loc187)
(!entregar drone1 brazo2 crate38 person48 loc187 food)
(!vuelo drone1 loc187 depot)
(!recoger drone1 brazo1 crate39 depot)
(!recoger drone1 brazo2 crate40 depot)
(!vuelo drone1 depot loc210)
(!entregar drone1 brazo1 crate39 person49 loc210 food)
(!vuelo drone1 loc210 loc202)
(!entregar drone1 brazo2 crate40 person50 loc202 food)
(!vuelo drone1 loc202 depot)
(!recoger drone1 brazo1 crate41 depot)
(!recoger drone1 brazo2 crate42 depot)
(!vuelo drone1 depot loc291)
(!entregar drone1 brazo1 crate41 person51 loc291 food)
(!vuelo drone1 loc291 loc183)
(!entregar drone1 brazo2 crate42 person52 loc183 food)
(!vuelo drone1 loc183 depot)
(!recoger drone1 brazo1 crate43 depot)
(!recoger drone1 brazo2 crate44 depot)
(!vuelo drone1 depot loc298)
(!entregar drone1 brazo1 crate43 person55 loc298 food)
(!vuelo drone1 loc298 loc143)
(!entregar drone1 brazo2 crate44 person56 loc143 food)
(!vuelo drone1 loc143 depot)
(!recoger drone1 brazo1 crate45 depot)
(!recoger drone1 brazo2 crate46 depot)
(!vuelo drone1 depot loc243)
(!entregar drone1 brazo1 crate45 person57 loc243 food)
(!vuelo drone1 loc243 loc197)
(!entregar drone1 brazo2 crate46 person58 loc197 food)
(!vuelo drone1 loc197 depot)
(!recoger drone1 brazo1 crate47 depot)
(!recoger drone1 brazo2 crate48 depot)
(!vuelo drone1 depot loc78)
(!entregar drone1 brazo1 crate47 person59 loc78 food)
(!vuelo drone1 loc78 loc161)
(!entregar drone1 brazo2 crate48 person60 loc161 food)
(!vuelo drone1 loc161 depot)
(!recoger drone1 brazo1 crate49 depot)
(!recoger drone1 brazo2 crate50 depot)
(!vuelo drone1 depot loc187)
(!entregar drone1 brazo1 crate49 person61 loc187 food)
(!vuelo drone1 loc187 loc132)
(!entregar drone1 brazo2 crate50 person63 loc132 food)
(!vuelo drone1 loc132 depot)
(!recoger drone1 brazo1 crate51 depot)
(!recoger drone1 brazo2 crate52 depot)
(!vuelo drone1 depot loc48)
(!entregar drone1 brazo1 crate51 person64 loc48 food)
(!vuelo drone1 loc48 loc217)
(!entregar drone1 brazo2 crate52 person65 loc217 food)
(!vuelo drone1 loc217 depot)
(!recoger drone1 brazo1 crate53 depot)
(!recoger drone1 brazo2 crate54 depot)
(!vuelo drone1 depot loc195)
(!entregar drone1 brazo1 crate53 person66 loc195 food)
(!vuelo drone1 loc195 loc125)
(!entregar drone1 brazo2 crate54 person67 loc125 food)
(!vuelo drone1 loc125 depot)
(!recoger drone1 brazo1 crate55 depot)
(!recoger drone1 brazo2 crate56 depot)
(!vuelo drone1 depot loc37)
(!entregar drone1 brazo1 crate55 person68 loc37 food)
(!vuelo drone1 loc37 loc181)
(!entregar drone1 brazo2 crate56 person69 loc181 food)
(!vuelo drone1 loc181 depot)
(!recoger drone1 brazo1 crate57 depot)
(!recoger drone1 brazo2 crate58 depot)
(!vuelo drone1 depot loc61)
(!entregar drone1 brazo1 crate57 person70 loc61 food)
(!vuelo drone1 loc61 loc194)
(!entregar drone1 brazo2 crate58 person72 loc194 food)
(!vuelo drone1 loc194 depot)
(!recoger drone1 brazo1 crate59 depot)
(!recoger drone1 brazo2 crate60 depot)
(!vuelo drone1 depot loc153)
(!entregar drone1 brazo1 crate59 person73 loc153 food)
(!vuelo drone1 loc153 loc110)
(!entregar drone1 brazo2 crate60 person74 loc110 food)
(!vuelo drone1 loc110 depot)
(!recoger drone1 brazo1 crate61 depot)
(!recoger drone1 brazo2 crate62 depot)
(!vuelo drone1 depot loc128)
(!entregar drone1 brazo1 crate61 person76 loc128 food)
(!vuelo drone1 loc128 loc49)
(!entregar drone1 brazo2 crate62 person79 loc49 food)
(!vuelo drone1 loc49 depot)
(!recoger drone1 brazo1 crate63 depot)
(!recoger drone1 brazo2 crate64 depot)
(!vuelo drone1 depot loc282)
(!entregar drone1 brazo1 crate63 person80 loc282 food)
(!vuelo drone1 loc282 loc265)
(!entregar drone1 brazo2 crate64 person81 loc265 food)
(!vuelo drone1 loc265 depot)
(!recoger drone1 brazo1 crate65 depot)
(!recoger drone1 brazo2 crate66 depot)
(!vuelo drone1 depot loc14)
(!entregar drone1 brazo1 crate65 person82 loc14 food)
(!vuelo drone1 loc14 loc291)
(!entregar drone1 brazo2 crate66 person84 loc291 food)
(!vuelo drone1 loc291 depot)
(!recoger drone1 brazo1 crate67 depot)
(!recoger drone1 brazo2 crate68 depot)
(!vuelo drone1 depot loc72)
(!entregar drone1 brazo1 crate67 person85 loc72 food)
(!vuelo drone1 loc72 loc84)
(!entregar drone1 brazo2 crate68 person87 loc84 food)
(!vuelo drone1 loc84 depot)
(!recoger drone1 brazo1 crate69 depot)
(!recoger drone1 brazo2 crate70 depot)
(!vuelo drone1 depot loc37)
(!entregar drone1 brazo1 crate69 person88 loc37 food)
(!vuelo drone1 loc37 loc18)
(!entregar drone1 brazo2 crate70 person89 loc18 food)
(!vuelo drone1 loc18 depot)
(!recoger drone1 brazo1 crate71 depot)
(!recoger drone1 brazo2 crate72 depot)
(!vuelo drone1 depot loc12)
(!entregar drone1 brazo1 crate71 person90 loc12 food)
(!vuelo drone1 loc12 loc82)
(!entregar drone1 brazo2 crate72 person91 loc82 food)
(!vuelo drone1 loc82 depot)
(!recoger drone1 brazo1 crate73 depot)
(!recoger drone1 brazo2 crate74 depot)
(!vuelo drone1 depot loc275)
(!entregar drone1 brazo1 crate73 person93 loc275 food)
(!vuelo drone1 loc275 loc168)
(!entregar drone1 brazo2 crate74 person94 loc168 food)
(!vuelo drone1 loc168 depot)
(!recoger drone1 brazo1 crate75 depot)
(!recoger drone1 brazo2 crate76 depot)
(!vuelo drone1 depot loc95)
(!entregar drone1 brazo1 crate75 person96 loc95 food)
(!vuelo drone1 loc95 loc101)
(!entregar drone1 brazo2 crate76 person97 loc101 food)
(!vuelo drone1 loc101 depot)
(!recoger drone1 brazo1 crate77 depot)
(!recoger drone1 brazo2 crate78 depot)
(!vuelo drone1 depot loc157)
(!entregar drone1 brazo1 crate77 person98 loc157 food)
(!vuelo drone1 loc157 loc217)
(!entregar drone1 brazo2 crate78 person99 loc217 food)
(!vuelo drone1 loc217 depot)
(!recoger drone1 brazo1 crate79 depot)
(!recoger drone1 brazo2 crate80 depot)
(!vuelo drone1 depot loc244)
(!entregar drone1 brazo1 crate79 person100 loc244 food)
(!vuelo drone1 loc244 loc178)
(!entregar drone1 brazo2 crate80 person101 loc178 food)
(!vuelo drone1 loc178 depot)
(!recoger drone1 brazo1 crate81 depot)
(!recoger drone1 brazo2 crate82 depot)
(!vuelo drone1 depot loc173)
(!entregar drone1 brazo1 crate81 person102 loc173 food)
(!vuelo drone1 loc173 loc111)
(!entregar drone1 brazo2 crate82 person103 loc111 food)
(!vuelo drone1 loc111 depot)
(!recoger drone1 brazo1 crate83 depot)
(!recoger drone1 brazo2 crate84 depot)
(!vuelo drone1 depot loc181)
(!entregar drone1 brazo1 crate83 person105 loc181 food)
(!vuelo drone1 loc181 loc268)
(!entregar drone1 brazo2 crate84 person106 loc268 food)
(!vuelo drone1 loc268 depot)
(!recoger drone1 brazo1 crate85 depot)
(!recoger drone1 brazo2 crate86 depot)
(!vuelo drone1 depot loc279)
(!entregar drone1 brazo1 crate85 person107 loc279 food)
(!vuelo drone1 loc279 loc207)
(!entregar drone1 brazo2 crate86 person109 loc207 food)
(!vuelo drone1 loc207 depot)
(!recoger drone1 brazo1 crate87 depot)
(!recoger drone1 brazo2 crate88 depot)
(!vuelo drone1 depot loc266)
(!entregar drone1 brazo1 crate87 person110 loc266 food)
(!vuelo drone1 loc266 loc289)
(!entregar drone1 brazo2 crate88 person111 loc289 food)
(!vuelo drone1 loc289 depot)
(!recoger drone1 brazo1 crate89 depot)
(!recoger drone1 brazo2 crate90 depot)
(!vuelo drone1 depot loc252)
(!entregar drone1 brazo1 crate89 person113 loc252 food)
(!vuelo drone1 loc252 loc72)
(!entregar drone1 brazo2 crate90 person114 loc72 food)
(!vuelo drone1 loc72 depot)
(!recoger drone1 brazo1 crate91 depot)
(!recoger drone1 brazo2 crate92 depot)
(!vuelo drone1 depot loc206)
(!entregar drone1 brazo1 crate91 person115 loc206 food)
(!vuelo drone1 loc206 loc106)
(!entregar drone1 brazo2 crate92 person117 loc106 food)
(!vuelo drone1 loc106 depot)
(!recoger drone1 brazo1 crate93 depot)
(!recoger drone1 brazo2 crate94 depot)
(!vuelo drone1 depot loc180)
(!entregar drone1 brazo1 crate93 person119 loc180 food)
(!vuelo drone1 loc180 loc148)
(!entregar drone1 brazo2 crate94 person120 loc148 food)
(!vuelo drone1 loc148 depot)
(!recoger drone1 brazo1 crate95 depot)
(!recoger drone1 brazo2 crate96 depot)
(!vuelo drone1 depot loc26)
(!entregar drone1 brazo1 crate95 person121 loc26 food)
(!vuelo drone1 loc26 loc228)
(!entregar drone1 brazo2 crate96 person122 loc228 food)
(!vuelo drone1 loc228 depot)
(!recoger drone1 brazo1 crate97 depot)
(!recoger drone1 brazo2 crate98 depot)
(!vuelo drone1 depot loc288)
(!entregar drone1 brazo1 crate97 person123 loc288 food)
(!vuelo drone1 loc288 loc262)
(!entregar drone1 brazo2 crate98 person125 loc262 food)
(!vuelo drone1 loc262 depot)
(!recoger drone1 brazo1 crate99 depot)
(!recoger drone1 brazo2 crate100 depot)
(!vuelo drone1 depot loc244)
(!entregar drone1 brazo1 crate99 person126 loc244 food)
(!vuelo drone1 loc244 loc296)
(!entregar drone1 brazo2 crate100 person127 loc296 food)
(!vuelo drone1 loc296 depot)
(!recoger drone1 brazo1 crate101 depot)
(!recoger drone1 brazo2 crate102 depot)
(!vuelo drone1 depot loc198)
(!entregar drone1 brazo1 crate101 person128 loc198 food)
(!vuelo drone1 loc198 loc1)
(!entregar drone1 brazo2 crate102 person129 loc1 food)
(!vuelo drone1 loc1 depot)
(!recoger drone1 brazo1 crate103 depot)
(!recoger drone1 brazo2 crate104 depot)
(!vuelo drone1 depot loc248)
(!entregar drone1 brazo1 crate103 person130 loc248 food)
(!vuelo drone1 loc248 loc87)
(!entregar drone1 brazo2 crate104 person131 loc87 food)
(!vuelo drone1 loc87 depot)
(!recoger drone1 brazo1 crate105 depot)
(!recoger drone1 brazo2 crate106 depot)
(!vuelo drone1 depot loc30)
(!entregar drone1 brazo1 crate105 person132 loc30 food)
(!vuelo drone1 loc30 loc219)
(!entregar drone1 brazo2 crate106 person133 loc219 food)
(!vuelo drone1 loc219 depot)
(!recoger drone1 brazo1 crate107 depot)
(!recoger drone1 brazo2 crate108 depot)
(!vuelo drone1 depot loc8)
(!entregar drone1 brazo1 crate107 person134 loc8 food)
(!vuelo drone1 loc8 loc84)
(!entregar drone1 brazo2 crate108 person135 loc84 food)
(!vuelo drone1 loc84 depot)
(!recoger drone1 brazo1 crate109 depot)
(!recoger drone1 brazo2 crate110 depot)
(!vuelo drone1 depot loc139)
(!entregar drone1 brazo1 crate109 person136 loc139 food)
(!vuelo drone1 loc139 loc100)
(!entregar drone1 brazo2 crate110 person137 loc100 food)
(!vuelo drone1 loc100 depot)
(!recoger drone1 brazo1 crate111 depot)
(!recoger drone1 brazo2 crate112 depot)
(!vuelo drone1 depot loc222)
(!entregar drone1 brazo1 crate111 person138 loc222 food)
(!vuelo drone1 loc222 loc8)
(!entregar drone1 brazo2 crate112 person139 loc8 food)
(!vuelo drone1 loc8 depot)
(!recoger drone1 brazo1 crate113 depot)
(!recoger drone1 brazo2 crate114 depot)
(!vuelo drone1 depot loc296)
(!entregar drone1 brazo1 crate113 person141 loc296 food)
(!vuelo drone1 loc296 loc258)
(!entregar drone1 brazo2 crate114 person142 loc258 food)
(!vuelo drone1 loc258 depot)
(!recoger drone1 brazo1 crate115 depot)
(!recoger drone1 brazo2 crate116 depot)
(!vuelo drone1 depot loc15)
(!entregar drone1 brazo1 crate115 person143 loc15 food)
(!vuelo drone1 loc15 loc290)
(!entregar drone1 brazo2 crate116 person144 loc290 food)
(!vuelo drone1 loc290 depot)
(!recoger drone1 brazo1 crate117 depot)
(!recoger drone1 brazo2 crate118 depot)
(!vuelo drone1 depot loc26)
(!entregar drone1 brazo1 crate117 person145 loc26 food)
(!vuelo drone1 loc26 loc201)
(!entregar drone1 brazo2 crate118 person146 loc201 food)
(!vuelo drone1 loc201 depot)
(!recoger drone1 brazo1 crate119 depot)
(!recoger drone1 brazo2 crate120 depot)
(!vuelo drone1 depot loc164)
(!entregar drone1 brazo1 crate119 person147 loc164 food)
(!vuelo drone1 loc164 loc16)
(!entregar drone1 brazo2 crate120 person148 loc16 food)
(!vuelo drone1 loc16 depot)
(!recoger drone1 brazo1 crate121 depot)
(!recoger drone1 brazo2 crate122 depot)
(!vuelo drone1 depot loc122)
(!entregar drone1 brazo1 crate121 person149 loc122 food)
(!vuelo drone1 loc122 loc271)
(!entregar drone1 brazo2 crate122 person150 loc271 food)
(!vuelo drone1 loc271 depot)
(!recoger drone1 brazo1 crate123 depot)
(!recoger drone1 brazo2 crate124 depot)
(!vuelo drone1 depot loc70)
(!entregar drone1 brazo1 crate123 person152 loc70 food)
(!vuelo drone1 loc70 loc232)
(!entregar drone1 brazo2 crate124 person153 loc232 food)
(!vuelo drone1 loc232 depot)
(!recoger drone1 brazo1 crate125 depot)
(!recoger drone1 brazo2 crate126 depot)
(!vuelo drone1 depot loc140)
(!entregar drone1 brazo1 crate125 person154 loc140 food)
(!vuelo drone1 loc140 loc156)
(!entregar drone1 brazo2 crate126 person156 loc156 food)
(!vuelo drone1 loc156 depot)
(!recoger drone1 brazo1 crate127 depot)
(!recoger drone1 brazo2 crate128 depot)
(!vuelo drone1 depot loc207)
(!entregar drone1 brazo1 crate127 person157 loc207 food)
(!vuelo drone1 loc207 loc159)
(!entregar drone1 brazo2 crate128 person158 loc159 food)
(!vuelo drone1 loc159 depot)
(!recoger drone1 brazo1 crate129 depot)
(!recoger drone1 brazo2 crate130 depot)
(!vuelo drone1 depot loc83)
(!entregar drone1 brazo1 crate129 person159 loc83 food)
(!vuelo drone1 loc83 loc207)
(!entregar drone1 brazo2 crate130 person160 loc207 food)
(!vuelo drone1 loc207 depot)
(!recoger drone1 brazo1 crate131 depot)
(!recoger drone1 brazo2 crate132 depot)
(!vuelo drone1 depot loc24)
(!entregar drone1 brazo1 crate131 person161 loc24 food)
(!vuelo drone1 loc24 loc286)
(!entregar drone1 brazo2 crate132 person163 loc286 food)
(!vuelo drone1 loc286 depot)
(!recoger drone1 brazo1 crate133 depot)
(!recoger drone1 brazo2 crate134 depot)
(!vuelo drone1 depot loc226)
(!entregar drone1 brazo1 crate133 person164 loc226 food)
(!vuelo drone1 loc226 loc135)
(!entregar drone1 brazo2 crate134 person165 loc135 food)
(!vuelo drone1 loc135 depot)
(!recoger drone1 brazo1 crate135 depot)
(!recoger drone1 brazo2 crate136 depot)
(!vuelo drone1 depot loc221)
(!entregar drone1 brazo1 crate135 person167 loc221 food)
(!vuelo drone1 loc221 loc41)
(!entregar drone1 brazo2 crate136 person168 loc41 food)
(!vuelo drone1 loc41 depot)
(!recoger drone1 brazo1 crate137 depot)
(!recoger drone1 brazo2 crate138 depot)
(!vuelo drone1 depot loc192)
(!entregar drone1 brazo1 crate137 person170 loc192 food)
(!vuelo drone1 loc192 loc283)
(!entregar drone1 brazo2 crate138 person171 loc283 food)
(!vuelo drone1 loc283 depot)
(!recoger drone1 brazo1 crate139 depot)
(!recoger drone1 brazo2 crate140 depot)
(!vuelo drone1 depot loc295)
(!entregar drone1 brazo1 crate139 person173 loc295 food)
(!vuelo drone1 loc295 loc26)
(!entregar drone1 brazo2 crate140 person175 loc26 food)
(!vuelo drone1 loc26 depot)
(!recoger drone1 brazo1 crate141 depot)
(!recoger drone1 brazo2 crate142 depot)
(!vuelo drone1 depot loc121)
(!entregar drone1 brazo1 crate141 person177 loc121 food)
(!vuelo drone1 loc121 loc188)
(!entregar drone1 brazo2 crate142 person178 loc188 food)
(!vuelo drone1 loc188 depot)
(!recoger drone1 brazo1 crate143 depot)
(!recoger drone1 brazo2 crate144 depot)
(!vuelo drone1 depot loc226)
(!entregar drone1 brazo1 crate143 person179 loc226 food)
(!vuelo drone1 loc226 loc97)
(!entregar drone1 brazo2 crate144 person180 loc97 food)
(!vuelo drone1 loc97 depot)
(!recoger drone1 brazo1 crate145 depot)
(!recoger drone1 brazo2 crate146 depot)
(!vuelo drone1 depot loc155)
(!entregar drone1 brazo1 crate145 person181 loc155 food)
(!vuelo drone1 loc155 loc17)
(!entregar drone1 brazo2 crate146 person182 loc17 food)
(!vuelo drone1 loc17 depot)
(!recoger drone1 brazo1 crate147 depot)
(!recoger drone1 brazo2 crate148 depot)
(!vuelo drone1 depot loc32)
(!entregar drone1 brazo1 crate147 person183 loc32 food)
(!vuelo drone1 loc32 loc40)
(!entregar drone1 brazo2 crate148 person185 loc40 food)
(!vuelo drone1 loc40 depot)
(!recoger drone1 brazo1 crate149 depot)
(!recoger drone1 brazo2 crate150 depot)
(!vuelo drone1 depot loc96)
(!entregar drone1 brazo1 crate149 person186 loc96 food)
(!vuelo drone1 loc96 loc254)
(!entregar drone1 brazo2 crate150 person187 loc254 food)
(!vuelo drone1 loc254 depot)
(!recoger drone1 brazo1 crate151 depot)
(!recoger drone1 brazo2 crate152 depot)
(!vuelo drone1 depot loc89)
(!entregar drone1 brazo1 crate151 person188 loc89 food)
(!vuelo drone1 loc89 loc270)
(!entregar drone1 brazo2 crate152 person190 loc270 food)
(!vuelo drone1 loc270 depot)
(!recoger drone1 brazo1 crate153 depot)
(!recoger drone1 brazo2 crate154 depot)
(!vuelo drone1 depot loc210)
(!entregar drone1 brazo1 crate153 person191 loc210 food)
(!vuelo drone1 loc210 loc111)
(!entregar drone1 brazo2 crate154 person192 loc111 food)
(!vuelo drone1 loc111 depot)
(!recoger drone1 brazo1 crate155 depot)
(!recoger drone1 brazo2 crate156 depot)
(!vuelo drone1 depot loc67)
(!entregar drone1 brazo1 crate155 person193 loc67 food)
(!vuelo drone1 loc67 loc36)
(!entregar drone1 brazo2 crate156 person194 loc36 food)
(!vuelo drone1 loc36 depot)
(!recoger drone1 brazo1 crate157 depot)
(!recoger drone1 brazo2 crate158 depot)
(!vuelo drone1 depot loc172)
(!entregar drone1 brazo1 crate157 person195 loc172 food)
(!vuelo drone1 loc172 loc69)
(!entregar drone1 brazo2 crate158 person196 loc69 food)
(!vuelo drone1 loc69 depot)
(!recoger drone1 brazo1 crate159 depot)
(!recoger drone1 brazo2 crate160 depot)
(!vuelo drone1 depot loc270)
(!entregar drone1 brazo1 crate159 person197 loc270 food)
(!vuelo drone1 loc270 loc24)
(!entregar drone1 brazo2 crate160 person198 loc24 food)
(!vuelo drone1 loc24 depot)
(!recoger drone1 brazo1 crate161 depot)
(!recoger drone1 brazo2 crate162 depot)
(!vuelo drone1 depot loc11)
(!entregar drone1 brazo1 crate161 person199 loc11 food)
(!vuelo drone1 loc11 loc92)
(!entregar drone1 brazo2 crate162 person201 loc92 food)
(!vuelo drone1 loc92 depot)
(!recoger drone1 brazo1 crate163 depot)
(!recoger drone1 brazo2 crate164 depot)
(!vuelo drone1 depot loc2)
(!entregar drone1 brazo1 crate163 person204 loc2 food)
(!vuelo drone1 loc2 loc267)
(!entregar drone1 brazo2 crate164 person205 loc267 food)
(!vuelo drone1 loc267 depot)
(!recoger drone1 brazo1 crate165 depot)
(!recoger drone1 brazo2 crate166 depot)
(!vuelo drone1 depot loc232)
(!entregar drone1 brazo1 crate165 person207 loc232 food)
(!vuelo drone1 loc232 loc133)
(!entregar drone1 brazo2 crate166 person208 loc133 food)
(!vuelo drone1 loc133 depot)
(!recoger drone1 brazo1 crate167 depot)
(!recoger drone1 brazo2 crate168 depot)
(!vuelo drone1 depot loc33)
(!entregar drone1 brazo1 crate167 person209 loc33 food)
(!vuelo drone1 loc33 loc254)
(!entregar drone1 brazo2 crate168 person211 loc254 food)
(!vuelo drone1 loc254 depot)
(!recoger drone1 brazo1 crate169 depot)
(!recoger drone1 brazo2 crate170 depot)
(!vuelo drone1 depot loc124)
(!entregar drone1 brazo1 crate169 person212 loc124 food)
(!vuelo drone1 loc124 loc241)
(!entregar drone1 brazo2 crate170 person213 loc241 food)
(!vuelo drone1 loc241 depot)
(!recoger drone1 brazo1 crate171 depot)
(!recoger drone1 brazo2 crate172 depot)
(!vuelo drone1 depot loc233)
(!entregar drone1 brazo1 crate171 person214 loc233 food)
(!vuelo drone1 loc233 loc39)
(!entregar drone1 brazo2 crate172 person215 loc39 food)
(!vuelo drone1 loc39 depot)
(!recoger drone1 brazo1 crate173 depot)
(!recoger drone1 brazo2 crate174 depot)
(!vuelo drone1 depot loc208)
(!entregar drone1 brazo1 crate173 person216 loc208 food)
(!vuelo drone1 loc208 loc218)
(!entregar drone1 brazo2 crate174 person220 loc218 food)
(!vuelo drone1 loc218 depot)
(!recoger drone1 brazo1 crate175 depot)
(!recoger drone1 brazo2 crate176 depot)
(!vuelo drone1 depot loc53)
(!entregar drone1 brazo1 crate175 person221 loc53 food)
(!vuelo drone1 loc53 loc12)
(!entregar drone1 brazo2 crate176 person222 loc12 food)
(!vuelo drone1 loc12 depot)
(!recoger drone1 brazo1 crate177 depot)
(!recoger drone1 brazo2 crate178 depot)
(!vuelo drone1 depot loc90)
(!entregar drone1 brazo1 crate177 person224 loc90 food)
(!vuelo drone1 loc90 loc195)
(!entregar drone1 brazo2 crate178 person225 loc195 food)
(!vuelo drone1 loc195 depot)
(!recoger drone1 brazo1 crate179 depot)
(!recoger drone1 brazo2 crate180 depot)
(!vuelo drone1 depot loc268)
(!entregar drone1 brazo1 crate179 person226 loc268 food)
(!vuelo drone1 loc268 loc195)
(!entregar drone1 brazo2 crate180 person227 loc195 food)
(!vuelo drone1 loc195 depot)
(!recoger drone1 brazo1 crate181 depot)
(!recoger drone1 brazo2 crate182 depot)
(!vuelo drone1 depot loc243)
(!entregar drone1 brazo1 crate181 person229 loc243 food)
(!vuelo drone1 loc243 loc93)
(!entregar drone1 brazo2 crate182 person230 loc93 food)
(!vuelo drone1 loc93 depot)
(!recoger drone1 brazo1 crate183 depot)
(!recoger drone1 brazo2 crate184 depot)
(!vuelo drone1 depot loc112)
(!entregar drone1 brazo1 crate183 person231 loc112 food)
(!vuelo drone1 loc112 loc197)
(!entregar drone1 brazo2 crate184 person232 loc197 food)
(!vuelo drone1 loc197 depot)
(!recoger drone1 brazo1 crate185 depot)
(!recoger drone1 brazo2 crate186 depot)
(!vuelo drone1 depot loc122)
(!entregar drone1 brazo1 crate185 person233 loc122 food)
(!vuelo drone1 loc122 loc95)
(!entregar drone1 brazo2 crate186 person234 loc95 food)
(!vuelo drone1 loc95 depot)
(!recoger drone1 brazo1 crate187 depot)
(!recoger drone1 brazo2 crate188 depot)
(!vuelo drone1 depot loc249)
(!entregar drone1 brazo1 crate187 person235 loc249 food)
(!vuelo drone1 loc249 loc254)
(!entregar drone1 brazo2 crate188 person236 loc254 food)
(!vuelo drone1 loc254 depot)
(!recoger drone1 brazo1 crate189 depot)
(!recoger drone1 brazo2 crate190 depot)
(!vuelo drone1 depot loc255)
(!entregar drone1 brazo1 crate189 person237 loc255 food)
(!vuelo drone1 loc255 loc224)
(!entregar drone1 brazo2 crate190 person239 loc224 food)
(!vuelo drone1 loc224 depot)
(!recoger drone1 brazo1 crate191 depot)
(!recoger drone1 brazo2 crate192 depot)
(!vuelo drone1 depot loc23)
(!entregar drone1 brazo1 crate191 person240 loc23 food)
(!vuelo drone1 loc23 loc299)
(!entregar drone1 brazo2 crate192 person241 loc299 food)
(!vuelo drone1 loc299 depot)
(!recoger drone1 brazo1 crate193 depot)
(!recoger drone1 brazo2 crate194 depot)
(!vuelo drone1 depot loc162)
(!entregar drone1 brazo1 crate193 person242 loc162 food)
(!vuelo drone1 loc162 loc129)
(!entregar drone1 brazo2 crate194 person243 loc129 food)
(!vuelo drone1 loc129 depot)
(!recoger drone1 brazo1 crate195 depot)
(!recoger drone1 brazo2 crate196 depot)
(!vuelo drone1 depot loc168)
(!entregar drone1 brazo1 crate195 person244 loc168 food)
(!vuelo drone1 loc168 loc270)
(!entregar drone1 brazo2 crate196 person245 loc270 food)
(!vuelo drone1 loc270 depot)
(!recoger drone1 brazo1 crate197 depot)
(!recoger drone1 brazo2 crate198 depot)
(!vuelo drone1 depot loc226)
(!entregar drone1 brazo1 crate197 person246 loc226 food)
(!vuelo drone1 loc226 loc10)
(!entregar drone1 brazo2 crate198 person248 loc10 food)
(!vuelo drone1 loc10 depot)
(!recoger drone1 brazo1 crate199 depot)
(!recoger drone1 brazo2 crate200 depot)
(!vuelo drone1 depot loc167)
(!entregar drone1 brazo1 crate199 person249 loc167 food)
(!vuelo drone1 loc167 loc132)
(!entregar drone1 brazo2 crate200 person251 loc132 food)
(!vuelo drone1 loc132 depot)
(!recoger drone1 brazo1 crate201 depot)
(!recoger drone1 brazo2 crate202 depot)
(!vuelo drone1 depot loc233)
(!entregar drone1 brazo1 crate201 person252 loc233 food)
(!vuelo drone1 loc233 loc83)
(!entregar drone1 brazo2 crate202 person253 loc83 food)
(!vuelo drone1 loc83 depot)
(!recoger drone1 brazo1 crate203 depot)
(!recoger drone1 brazo2 crate204 depot)
(!vuelo drone1 depot loc166)
(!entregar drone1 brazo1 crate203 person254 loc166 food)
(!vuelo drone1 loc166 loc51)
(!entregar drone1 brazo2 crate204 person255 loc51 food)
(!vuelo drone1 loc51 depot)
(!recoger drone1 brazo1 crate205 depot)
(!recoger drone1 brazo2 crate206 depot)
(!vuelo drone1 depot loc126)
(!entregar drone1 brazo1 crate205 person256 loc126 food)
(!vuelo drone1 loc126 loc179)
(!entregar drone1 brazo2 crate206 person257 loc179 food)
(!vuelo drone1 loc179 depot)
(!recoger drone1 brazo1 crate207 depot)
(!recoger drone1 brazo2 crate208 depot)
(!vuelo drone1 depot loc148)
(!entregar drone1 brazo1 crate207 person258 loc148 food)
(!vuelo drone1 loc148 loc114)
(!entregar drone1 brazo2 crate208 person259 loc114 food)
(!vuelo drone1 loc114 depot)
(!recoger drone1 brazo1 crate209 depot)
(!recoger drone1 brazo2 crate210 depot)
(!vuelo drone1 depot loc85)
(!entregar drone1 brazo1 crate209 person260 loc85 food)
(!vuelo drone1 loc85 loc60)
(!entregar drone1 brazo2 crate210 person261 loc60 food)
(!vuelo drone1 loc60 depot)
(!recoger drone1 brazo1 crate211 depot)
(!recoger drone1 brazo2 crate212 depot)
(!vuelo drone1 depot loc223)
(!entregar drone1 brazo1 crate211 person262 loc223 food)
(!vuelo drone1 loc223 loc42)
(!entregar drone1 brazo2 crate212 person263 loc42 food)
(!vuelo drone1 loc42 depot)
(!recoger drone1 brazo1 crate213 depot)
(!recoger drone1 brazo2 crate214 depot)
(!vuelo drone1 depot loc113)
(!entregar drone1 brazo1 crate213 person265 loc113 food)
(!vuelo drone1 loc113 loc80)
(!entregar drone1 brazo2 crate214 person266 loc80 food)
(!vuelo drone1 loc80 depot)
(!recoger drone1 brazo1 crate215 depot)
(!recoger drone1 brazo2 crate216 depot)
(!vuelo drone1 depot loc275)
(!entregar drone1 brazo1 crate215 person267 loc275 food)
(!vuelo drone1 loc275 loc30)
(!entregar drone1 brazo2 crate216 person268 loc30 food)
(!vuelo drone1 loc30 depot)
(!recoger drone1 brazo1 crate217 depot)
(!recoger drone1 brazo2 crate218 depot)
(!vuelo drone1 depot loc125)
(!entregar drone1 brazo1 crate217 person269 loc125 food)
(!vuelo drone1 loc125 loc256)
(!entregar drone1 brazo2 crate218 person270 loc256 food)
(!vuelo drone1 loc256 depot)
(!recoger drone1 brazo1 crate219 depot)
(!recoger drone1 brazo2 crate220 depot)
(!vuelo drone1 depot loc281)
(!entregar drone1 brazo1 crate219 person271 loc281 food)
(!vuelo drone1 loc281 loc226)
(!entregar drone1 brazo2 crate220 person272 loc226 food)
(!vuelo drone1 loc226 depot)
(!recoger drone1 brazo1 crate221 depot)
(!recoger drone1 brazo2 crate222 depot)
(!vuelo drone1 depot loc13)
(!entregar drone1 brazo1 crate221 person273 loc13 food)
(!vuelo drone1 loc13 loc30)
(!entregar drone1 brazo2 crate222 person274 loc30 food)
(!vuelo drone1 loc30 depot)
(!recoger drone1 brazo1 crate223 depot)
(!recoger drone1 brazo2 crate224 depot)
(!vuelo drone1 depot loc9)
(!entregar drone1 brazo1 crate223 person275 loc9 food)
(!vuelo drone1 loc9 loc49)
(!entregar drone1 brazo2 crate224 person277 loc49 food)
(!vuelo drone1 loc49 depot)
(!recoger drone1 brazo1 crate225 depot)
(!recoger drone1 brazo2 crate226 depot)
(!vuelo drone1 depot loc226)
(!entregar drone1 brazo1 crate225 person279 loc226 food)
(!vuelo drone1 loc226 loc200)
(!entregar drone1 brazo2 crate226 person280 loc200 food)
(!vuelo drone1 loc200 depot)
(!recoger drone1 brazo1 crate227 depot)
(!recoger drone1 brazo2 crate228 depot)
(!vuelo drone1 depot loc253)
(!entregar drone1 brazo1 crate227 person282 loc253 food)
(!vuelo drone1 loc253 loc36)
(!entregar drone1 brazo2 crate228 person283 loc36 food)
(!vuelo drone1 loc36 depot)
(!recoger drone1 brazo1 crate229 depot)
(!recoger drone1 brazo2 crate230 depot)
(!vuelo drone1 depot loc155)
(!entregar drone1 brazo1 crate229 person284 loc155 food)
(!vuelo drone1 loc155 loc137)
(!entregar drone1 brazo2 crate230 person285 loc137 food)
(!vuelo drone1 loc137 depot)
(!recoger drone1 brazo1 crate231 depot)
(!recoger drone1 brazo2 crate232 depot)
(!vuelo drone1 depot loc131)
(!entregar drone1 brazo1 crate231 person286 loc131 food)
(!vuelo drone1 loc131 loc165)
(!entregar drone1 brazo2 crate232 person287 loc165 food)
(!vuelo drone1 loc165 depot)
(!recoger drone1 brazo1 crate233 depot)
(!recoger drone1 brazo2 crate234 depot)
(!vuelo drone1 depot loc192)
(!entregar drone1 brazo1 crate233 person288 loc192 food)
(!vuelo drone1 loc192 loc50)
(!entregar drone1 brazo2 crate234 person290 loc50 food)
(!vuelo drone1 loc50 depot)
(!recoger drone1 brazo1 crate235 depot)
(!recoger drone1 brazo2 crate236 depot)
(!vuelo drone1 depot loc295)
(!entregar drone1 brazo1 crate235 person293 loc295 food)
(!vuelo drone1 loc295 loc28)
(!entregar drone1 brazo2 crate236 person294 loc28 food)
(!vuelo drone1 loc28 depot)
(!recoger drone1 brazo1 crate237 depot)
(!recoger drone1 brazo2 crate238 depot)
(!vuelo drone1 depot loc289)
(!entregar drone1 brazo1 crate237 person295 loc289 food)
(!vuelo drone1 loc289 loc203)
(!entregar drone1 brazo2 crate238 person296 loc203 food)
(!vuelo drone1 loc203 depot)
(!recoger drone1 brazo1 crate239 depot)
(!recoger drone1 brazo2 crate240 depot)
(!vuelo drone1 depot loc7)
(!entregar drone1 brazo1 crate239 person297 loc7 food)
(!vuelo drone1 loc7 loc97)
(!entregar drone1 brazo2 crate240 person298 loc97 food)
(!vuelo drone1 loc97 depot)
(!recoger drone1 brazo1 crate241 depot)
(!recoger drone1 brazo2 crate242 depot)
(!vuelo drone1 depot loc33)
(!entregar drone1 brazo1 crate241 person299 loc33 food)
(!vuelo drone1 loc33 loc99)
(!entregar drone1 brazo2 crate242 person300 loc99 food)
(!vuelo drone1 loc99 depot)
(!recoger drone1 brazo1 crate243 depot)
(!recoger drone1 brazo2 crate244 depot)
(!vuelo drone1 depot loc235)
(!entregar drone1 brazo1 crate243 person8 loc235 medicine)
(!vuelo drone1 loc235 loc122)
(!entregar drone1 brazo2 crate244 person19 loc122 medicine)
(!vuelo drone1 loc122 depot)
(!recoger drone1 brazo1 crate245 depot)
(!recoger drone1 brazo2 crate246 depot)
(!vuelo drone1 depot loc25)
(!entregar drone1 brazo1 crate245 person25 loc25 medicine)
(!vuelo drone1 loc25 loc222)
(!entregar drone1 brazo2 crate246 person27 loc222 medicine)
(!vuelo drone1 loc222 depot)
(!recoger drone1 brazo1 crate247 depot)
(!recoger drone1 brazo2 crate248 depot)
(!vuelo drone1 depot loc230)
(!entregar drone1 brazo1 crate247 person28 loc230 medicine)
(!vuelo drone1 loc230 loc4)
(!entregar drone1 brazo2 crate248 person37 loc4 medicine)
(!vuelo drone1 loc4 depot)
(!recoger drone1 brazo1 crate249 depot)
(!recoger drone1 brazo2 crate250 depot)
(!vuelo drone1 depot loc179)
(!entregar drone1 brazo1 crate249 person38 loc179 medicine)
(!vuelo drone1 loc179 loc56)
(!entregar drone1 brazo2 crate250 person40 loc56 medicine)
(!vuelo drone1 loc56 depot)
(!recoger drone1 brazo1 crate251 depot)
(!recoger drone1 brazo2 crate252 depot)
(!vuelo drone1 depot loc120)
(!entregar drone1 brazo1 crate251 person46 loc120 medicine)
(!vuelo drone1 loc120 loc298)
(!entregar drone1 brazo2 crate252 person55 loc298 medicine)
(!vuelo drone1 loc298 depot)
(!recoger drone1 brazo1 crate253 depot)
(!recoger drone1 brazo2 crate254 depot)
(!vuelo drone1 depot loc243)
(!entregar drone1 brazo1 crate253 person57 loc243 medicine)
(!vuelo drone1 loc243 loc96)
(!entregar drone1 brazo2 crate254 person62 loc96 medicine)
(!vuelo drone1 loc96 depot)
(!recoger drone1 brazo1 crate255 depot)
(!recoger drone1 brazo2 crate256 depot)
(!vuelo drone1 depot loc48)
(!entregar drone1 brazo1 crate255 person64 loc48 medicine)
(!vuelo drone1 loc48 loc195)
(!entregar drone1 brazo2 crate256 person66 loc195 medicine)
(!vuelo drone1 loc195 depot)
(!recoger drone1 brazo1 crate257 depot)
(!recoger drone1 brazo2 crate258 depot)
(!vuelo drone1 depot loc110)
(!entregar drone1 brazo1 crate257 person74 loc110 medicine)
(!vuelo drone1 loc110 loc282)
(!entregar drone1 brazo2 crate258 person80 loc282 medicine)
(!vuelo drone1 loc282 depot)
(!recoger drone1 brazo1 crate259 depot)
(!recoger drone1 brazo2 crate260 depot)
(!vuelo drone1 depot loc37)
(!entregar drone1 brazo1 crate259 person88 loc37 medicine)
(!vuelo drone1 loc37 loc275)
(!entregar drone1 brazo2 crate260 person93 loc275 medicine)
(!vuelo drone1 loc275 depot)
(!recoger drone1 brazo1 crate261 depot)
(!recoger drone1 brazo2 crate262 depot)
(!vuelo drone1 depot loc217)
(!entregar drone1 brazo1 crate261 person99 loc217 medicine)
(!vuelo drone1 loc217 loc244)
(!entregar drone1 brazo2 crate262 person100 loc244 medicine)
(!vuelo drone1 loc244 depot)
(!recoger drone1 brazo1 crate263 depot)
(!recoger drone1 brazo2 crate264 depot)
(!vuelo drone1 depot loc268)
(!entregar drone1 brazo1 crate263 person106 loc268 medicine)
(!vuelo drone1 loc268 loc266)
(!entregar drone1 brazo2 crate264 person110 loc266 medicine)
(!vuelo drone1 loc266 depot)
(!recoger drone1 brazo1 crate265 depot)
(!recoger drone1 brazo2 crate266 depot)
(!vuelo drone1 depot loc289)
(!entregar drone1 brazo1 crate265 person111 loc289 medicine)
(!vuelo drone1 loc289 loc206)
(!entregar drone1 brazo2 crate266 person115 loc206 medicine)
(!vuelo drone1 loc206 depot)
(!recoger drone1 brazo1 crate267 depot)
(!recoger drone1 brazo2 crate268 depot)
(!vuelo drone1 depot loc106)
(!entregar drone1 brazo1 crate267 person117 loc106 medicine)
(!vuelo drone1 loc106 loc228)
(!entregar drone1 brazo2 crate268 person122 loc228 medicine)
(!vuelo drone1 loc228 depot)
(!recoger drone1 brazo1 crate269 depot)
(!recoger drone1 brazo2 crate270 depot)
(!vuelo drone1 depot loc30)
(!entregar drone1 brazo1 crate269 person132 loc30 medicine)
(!vuelo drone1 loc30 loc139)
(!entregar drone1 brazo2 crate270 person136 loc139 medicine)
(!vuelo drone1 loc139 depot)
(!recoger drone1 brazo1 crate271 depot)
(!recoger drone1 brazo2 crate272 depot)
(!vuelo drone1 depot loc224)
(!entregar drone1 brazo1 crate271 person140 loc224 medicine)
(!vuelo drone1 loc224 loc15)
(!entregar drone1 brazo2 crate272 person143 loc15 medicine)
(!vuelo drone1 loc15 depot)
(!recoger drone1 brazo1 crate273 depot)
(!recoger drone1 brazo2 crate274 depot)
(!vuelo drone1 depot loc26)
(!entregar drone1 brazo1 crate273 person145 loc26 medicine)
(!vuelo drone1 loc26 loc122)
(!entregar drone1 brazo2 crate274 person149 loc122 medicine)
(!vuelo drone1 loc122 depot)
(!recoger drone1 brazo1 crate275 depot)
(!recoger drone1 brazo2 crate276 depot)
(!vuelo drone1 depot loc159)
(!entregar drone1 brazo1 crate275 person158 loc159 medicine)
(!vuelo drone1 loc159 loc24)
(!entregar drone1 brazo2 crate276 person161 loc24 medicine)
(!vuelo drone1 loc24 depot)
(!recoger drone1 brazo1 crate277 depot)
(!recoger drone1 brazo2 crate278 depot)
(!vuelo drone1 depot loc221)
(!entregar drone1 brazo1 crate277 person167 loc221 medicine)
(!vuelo drone1 loc221 loc283)
(!entregar drone1 brazo2 crate278 person171 loc283 medicine)
(!vuelo drone1 loc283 depot)
(!recoger drone1 brazo1 crate279 depot)
(!recoger drone1 brazo2 crate280 depot)
(!vuelo drone1 depot loc40)
(!entregar drone1 brazo1 crate279 person185 loc40 medicine)
(!vuelo drone1 loc40 loc67)
(!entregar drone1 brazo2 crate280 person193 loc67 medicine)
(!vuelo drone1 loc67 depot)
(!recoger drone1 brazo1 crate281 depot)
(!recoger drone1 brazo2 crate282 depot)
(!vuelo drone1 depot loc270)
(!entregar drone1 brazo1 crate281 person197 loc270 medicine)
(!vuelo drone1 loc270 loc11)
(!entregar drone1 brazo2 crate282 person199 loc11 medicine)
(!vuelo drone1 loc11 depot)
(!recoger drone1 brazo1 crate283 depot)
(!recoger drone1 brazo2 crate284 depot)
(!vuelo drone1 depot loc84)
(!entregar drone1 brazo1 crate283 person203 loc84 medicine)
(!vuelo drone1 loc84 loc208)
(!entregar drone1 brazo2 crate284 person216 loc208 medicine)
(!vuelo drone1 loc208 depot)
(!recoger drone1 brazo1 crate285 depot)
(!recoger drone1 brazo2 crate286 depot)
(!vuelo drone1 depot loc12)
(!entregar drone1 brazo1 crate285 person222 loc12 medicine)
(!vuelo drone1 loc12 loc90)
(!entregar drone1 brazo2 crate286 person224 loc90 medicine)
(!vuelo drone1 loc90 depot)
(!recoger drone1 brazo1 crate287 depot)
(!recoger drone1 brazo2 crate288 depot)
(!vuelo drone1 depot loc254)
(!entregar drone1 brazo1 crate287 person236 loc254 medicine)
(!vuelo drone1 loc254 loc299)
(!entregar drone1 brazo2 crate288 person241 loc299 medicine)
(!vuelo drone1 loc299 depot)
(!recoger drone1 brazo1 crate289 depot)
(!recoger drone1 brazo2 crate290 depot)
(!vuelo drone1 depot loc162)
(!entregar drone1 brazo1 crate289 person242 loc162 medicine)
(!vuelo drone1 loc162 loc238)
(!entregar drone1 brazo2 crate290 person247 loc238 medicine)
(!vuelo drone1 loc238 depot)
(!recoger drone1 brazo1 crate291 depot)
(!recoger drone1 brazo2 crate292 depot)
(!vuelo drone1 depot loc179)
(!entregar drone1 brazo1 crate291 person257 loc179 medicine)
(!vuelo drone1 loc179 loc148)
(!entregar drone1 brazo2 crate292 person258 loc148 medicine)
(!vuelo drone1 loc148 depot)
(!recoger drone1 brazo1 crate293 depot)
(!recoger drone1 brazo2 crate294 depot)
(!vuelo drone1 depot loc223)
(!entregar drone1 brazo1 crate293 person262 loc223 medicine)
(!vuelo drone1 loc223 loc80)
(!entregar drone1 brazo2 crate294 person266 loc80 medicine)
(!vuelo drone1 loc80 depot)
(!recoger drone1 brazo1 crate295 depot)
(!recoger drone1 brazo2 crate296 depot)
(!vuelo drone1 depot loc256)
(!entregar drone1 brazo1 crate295 person270 loc256 medicine)
(!vuelo drone1 loc256 loc281)
(!entregar drone1 brazo2 crate296 person271 loc281 medicine)
(!vuelo drone1 loc281 depot)
(!recoger drone1 brazo1 crate297 depot)
(!recoger drone1 brazo2 crate298 depot)
(!vuelo drone1 depot loc49)
(!entregar drone1 brazo1 crate297 person277 loc49 medicine)
(!vuelo drone1 loc49 loc26)
(!entregar drone1 brazo2 crate298 person281 loc26 medicine)
(!vuelo drone1 loc26 depot)
(!recoger drone1 brazo1 crate299 depot)
(!recoger drone1 brazo2 crate300 depot)
(!vuelo drone1 depot loc137)
(!entregar drone1 brazo1 crate299 person285 loc137 medicine)
(!vuelo drone1 loc137 loc97)
(!entregar drone1 brazo2 crate300 person298 loc97 medicine)
--------------------

Time Used = 1.234

