/home/alici/JSHOP2/jshop2-console/JSHOP2.jar:/home/alici/JSHOP2/jshop2-console/antlr.jar:.

1 plan(s) were found:

Plan #1:
Plan cost: 218.8

(!cargar t_grande comida 5.0 depot)
(!cargar t_grande medicina 5.0 depot)
(!coger-transportador dron1 t_grande depot)
(!vuelo dron1 depot loc2 10.0)
(!dejar-transportador dron1 t_grande loc2)
(!entregar t_grande comida 5.0 loc2)
(!entregar t_grande medicina 5.0 loc2)
(!coger-transportador dron1 t_grande loc2)
(!vuelo dron1 loc2 depot 10.0)
(!dejar-transportador dron1 t_grande depot)
(!cargar t_pequeno comida 1.0 depot)
(!cargar t_pequeno medicina 1.0 depot)
(!coger-transportador dron1 t_pequeno depot)
(!vuelo dron1 depot loc1 4.0)
(!dejar-transportador dron1 t_pequeno loc1)
(!entregar t_pequeno comida 1.0 loc1)
(!entregar t_pequeno medicina 1.0 loc1)
(!coger-transportador dron1 t_pequeno loc1)
(!vuelo dron1 loc1 depot 4.0)
(!dejar-transportador dron1 t_pequeno depot)
--------------------

Time Used = 0.01

