/home/crest4s/Desktop/planificacion-automatica/jshop2-pa/JSHOP2/jshop2-console/JSHOP2.jar:/home/crest4s/Desktop/planificacion-automatica/jshop2-pa/JSHOP2/jshop2-console/antlr.jar:.

1 plan(s) were found:

Plan #1:
Plan cost: 154.0

(!cargar-suelta dron1 comida depot)
(!vuelo dron1 depot loc1 0.0)
(!entregar-suelta dron1 comida loc1)
(!vuelo dron1 loc1 depot 0.0)
(!cargar-suelta dron1 medicina depot)
(!vuelo dron1 depot loc1 0.0)
(!entregar-suelta dron1 medicina loc1)
--------------------

Time Used = 0.002

